// !$*UTF8*$!
{
	archiveVersion = 1;
	classes = {
	};
	objectVersion = 56;
	objects = {

/* Begin PBXBuildFile section */
		124B02C129C415CC00094CF5 /* BlockView.swift in Sources */ = {isa = PBXBuildFile; fileRef = 124B02C029C415CC00094CF5 /* BlockView.swift */; };
		124B02C329C415DC00094CF5 /* PlatformView.swift in Sources */ = {isa = PBXBuildFile; fileRef = 124B02C229C415DC00094CF5 /* PlatformView.swift */; };
		124B02C929C4171400094CF5 /* ViewImageManager.swift in Sources */ = {isa = PBXBuildFile; fileRef = 124B02C829C4171400094CF5 /* ViewImageManager.swift */; };
		124B02CD29C41F7100094CF5 /* GameObject.swift in Sources */ = {isa = PBXBuildFile; fileRef = 124B02CC29C41F7100094CF5 /* GameObject.swift */; };
		124B02CF29C41FD000094CF5 /* GameObjectBlock.swift in Sources */ = {isa = PBXBuildFile; fileRef = 124B02CE29C41FD000094CF5 /* GameObjectBlock.swift */; };
		124B02D329C4204300094CF5 /* GameObjectPlatform.swift in Sources */ = {isa = PBXBuildFile; fileRef = 124B02D229C4204300094CF5 /* GameObjectPlatform.swift */; };
		124B02D529C55F8C00094CF5 /* Level.swift in Sources */ = {isa = PBXBuildFile; fileRef = 124B02D429C55F8C00094CF5 /* Level.swift */; };
		124B02D729C567F600094CF5 /* LevelView.swift in Sources */ = {isa = PBXBuildFile; fileRef = 124B02D629C567F600094CF5 /* LevelView.swift */; };
		124B02D929C568FE00094CF5 /* BackgroundView.swift in Sources */ = {isa = PBXBuildFile; fileRef = 124B02D829C568FE00094CF5 /* BackgroundView.swift */; };
		124B02DC29C74C1400094CF5 /* ViewImageManagerTests.swift in Sources */ = {isa = PBXBuildFile; fileRef = 124B02DB29C74C1400094CF5 /* ViewImageManagerTests.swift */; };
		124B02DE29C74D8800094CF5 /* GameObjectBlockTests.swift in Sources */ = {isa = PBXBuildFile; fileRef = 124B02DD29C74D8800094CF5 /* GameObjectBlockTests.swift */; };
		124B02E029C74F3900094CF5 /* GameObjectPlatformTests.swift in Sources */ = {isa = PBXBuildFile; fileRef = 124B02DF29C74F3900094CF5 /* GameObjectPlatformTests.swift */; };
		124B02E229C754F400094CF5 /* LevelTests.swift in Sources */ = {isa = PBXBuildFile; fileRef = 124B02E129C754F400094CF5 /* LevelTests.swift */; };
		124B02E629C9DAA200094CF5 /* EventManager.swift in Sources */ = {isa = PBXBuildFile; fileRef = 124B02E529C9DAA200094CF5 /* EventManager.swift */; };
		124B02E829C9DABA00094CF5 /* TumblingTowersEventManager.swift in Sources */ = {isa = PBXBuildFile; fileRef = 124B02E729C9DABA00094CF5 /* TumblingTowersEventManager.swift */; };
		124B02EB29C9DB8300094CF5 /* Event.swift in Sources */ = {isa = PBXBuildFile; fileRef = 124B02EA29C9DB8300094CF5 /* Event.swift */; };
		124B02ED29C9ED0000094CF5 /* EventIdentifier.swift in Sources */ = {isa = PBXBuildFile; fileRef = 124B02EC29C9ED0000094CF5 /* EventIdentifier.swift */; };
		124B02EF29C9ED1800094CF5 /* TumblingTowersEventIdentifier.swift in Sources */ = {isa = PBXBuildFile; fileRef = 124B02EE29C9ED1800094CF5 /* TumblingTowersEventIdentifier.swift */; };
		124B02F129C9ED4100094CF5 /* TumblingTowersEvent.swift in Sources */ = {isa = PBXBuildFile; fileRef = 124B02F029C9ED4100094CF5 /* TumblingTowersEvent.swift */; };
		124B02F329C9ED6A00094CF5 /* NotificationCenterFacade.swift in Sources */ = {isa = PBXBuildFile; fileRef = 124B02F229C9ED6A00094CF5 /* NotificationCenterFacade.swift */; };
		124B02F529C9F10300094CF5 /* TumblingTowersNotification.swift in Sources */ = {isa = PBXBuildFile; fileRef = 124B02F429C9F10300094CF5 /* TumblingTowersNotification.swift */; };
		124B02F729C9F54B00094CF5 /* NotificationName.swift in Sources */ = {isa = PBXBuildFile; fileRef = 124B02F629C9F54B00094CF5 /* NotificationName.swift */; };
		14168DDE29D82AC200EF5C22 /* GameEndView.swift in Sources */ = {isa = PBXBuildFile; fileRef = 14168DDD29D82AC200EF5C22 /* GameEndView.swift */; };
		14168DE029D82C6F00EF5C22 /* GameplayGoBackMenuView.swift in Sources */ = {isa = PBXBuildFile; fileRef = 14168DDF29D82C6F00EF5C22 /* GameplayGoBackMenuView.swift */; };
		14168DE229D831F500EF5C22 /* GameTimer.swift in Sources */ = {isa = PBXBuildFile; fileRef = 14168DE129D831F500EF5C22 /* GameTimer.swift */; };
		14168DE429D8B6EA00EF5C22 /* BlockInsertedEvent.swift in Sources */ = {isa = PBXBuildFile; fileRef = 14168DE329D8B6EA00EF5C22 /* BlockInsertedEvent.swift */; };
		1421B0CC29D41C530002E4AA /* GameMode.swift in Sources */ = {isa = PBXBuildFile; fileRef = 1421B0CB29D41C530002E4AA /* GameMode.swift */; };
		1421B0CE29D41F740002E4AA /* SurvivalGameMode.swift in Sources */ = {isa = PBXBuildFile; fileRef = 1421B0CD29D41F740002E4AA /* SurvivalGameMode.swift */; };
		1421B0D029D424A70002E4AA /* BlockDroppedEvent.swift in Sources */ = {isa = PBXBuildFile; fileRef = 1421B0CF29D424A70002E4AA /* BlockDroppedEvent.swift */; };
		1421B0D229D435950002E4AA /* RaceTimeGameMode.swift in Sources */ = {isa = PBXBuildFile; fileRef = 1421B0D129D435950002E4AA /* RaceTimeGameMode.swift */; };
		1445F84A29C71DC900F94751 /* TapInputTests.swift in Sources */ = {isa = PBXBuildFile; fileRef = 1445F84929C71DC900F94751 /* TapInputTests.swift */; };
		146E2DB429C0D07200BFC757 /* TumblingTowersGameApp.swift in Sources */ = {isa = PBXBuildFile; fileRef = 146E2DB329C0D07200BFC757 /* TumblingTowersGameApp.swift */; };
		146E2DB629C0D07200BFC757 /* ContentView.swift in Sources */ = {isa = PBXBuildFile; fileRef = 146E2DB529C0D07200BFC757 /* ContentView.swift */; };
		146E2DB829C0D07300BFC757 /* Assets.xcassets in Resources */ = {isa = PBXBuildFile; fileRef = 146E2DB729C0D07300BFC757 /* Assets.xcassets */; };
		146E2DBB29C0D07300BFC757 /* Preview Assets.xcassets in Resources */ = {isa = PBXBuildFile; fileRef = 146E2DBA29C0D07300BFC757 /* Preview Assets.xcassets */; };
		146E2DC529C0D07300BFC757 /* TumblingTowersGameTests.swift in Sources */ = {isa = PBXBuildFile; fileRef = 146E2DC429C0D07300BFC757 /* TumblingTowersGameTests.swift */; };
		146E2DCF29C0D07300BFC757 /* TumblingTowersGameUITests.swift in Sources */ = {isa = PBXBuildFile; fileRef = 146E2DCE29C0D07300BFC757 /* TumblingTowersGameUITests.swift */; };
		146E2DD129C0D07300BFC757 /* TumblingTowersGameUITestsLaunchTests.swift in Sources */ = {isa = PBXBuildFile; fileRef = 146E2DD029C0D07300BFC757 /* TumblingTowersGameUITestsLaunchTests.swift */; };
		146E2DE429C0D61A00BFC757 /* GameEngineManager.swift in Sources */ = {isa = PBXBuildFile; fileRef = 146E2DE129C0D61A00BFC757 /* GameEngineManager.swift */; };
		146E2DE529C0D61A00BFC757 /* GameRendererDelegate.swift in Sources */ = {isa = PBXBuildFile; fileRef = 146E2DE229C0D61A00BFC757 /* GameRendererDelegate.swift */; };
		146E2DE629C0D61A00BFC757 /* MainGameManager.swift in Sources */ = {isa = PBXBuildFile; fileRef = 146E2DE329C0D61A00BFC757 /* MainGameManager.swift */; };
		146E2DEA29C0D62800BFC757 /* InputSystem.swift in Sources */ = {isa = PBXBuildFile; fileRef = 146E2DE729C0D62800BFC757 /* InputSystem.swift */; };
		146E2DEB29C0D62800BFC757 /* TapInput.swift in Sources */ = {isa = PBXBuildFile; fileRef = 146E2DE829C0D62800BFC757 /* TapInput.swift */; };
		146E2DEC29C0D62800BFC757 /* GyroInput.swift in Sources */ = {isa = PBXBuildFile; fileRef = 146E2DE929C0D62800BFC757 /* GyroInput.swift */; };
		146E2DF029C0D62F00BFC757 /* Vector.swift in Sources */ = {isa = PBXBuildFile; fileRef = 146E2DED29C0D62F00BFC757 /* Vector.swift */; };
		146E2DF129C0D62F00BFC757 /* Point.swift in Sources */ = {isa = PBXBuildFile; fileRef = 146E2DEE29C0D62F00BFC757 /* Point.swift */; };
		146E2DFE29C0E05A00BFC757 /* TetrisShape.swift in Sources */ = {isa = PBXBuildFile; fileRef = 146E2DFD29C0E05A00BFC757 /* TetrisShape.swift */; };
		146E2E0829C0E2FE00BFC757 /* FiziksBody.swift in Sources */ = {isa = PBXBuildFile; fileRef = 146E2E0529C0E2FE00BFC757 /* FiziksBody.swift */; };
		146E2E0A29C0E2FE00BFC757 /* GameFiziksEngine.swift in Sources */ = {isa = PBXBuildFile; fileRef = 146E2E0729C0E2FE00BFC757 /* GameFiziksEngine.swift */; };
		146E2E0E29C0E30700BFC757 /* GameEngineObject.swift in Sources */ = {isa = PBXBuildFile; fileRef = 146E2E0B29C0E30700BFC757 /* GameEngineObject.swift */; };
		146E2E0F29C0E30700BFC757 /* Platform.swift in Sources */ = {isa = PBXBuildFile; fileRef = 146E2E0C29C0E30700BFC757 /* Platform.swift */; };
		146E2E1029C0E30700BFC757 /* Block.swift in Sources */ = {isa = PBXBuildFile; fileRef = 146E2E0D29C0E30700BFC757 /* Block.swift */; };
		146E2E1729C0E33900BFC757 /* CGPoint+Hashable.swift in Sources */ = {isa = PBXBuildFile; fileRef = 146E2E1529C0E33900BFC757 /* CGPoint+Hashable.swift */; };
		146E2E1929C0E5B400BFC757 /* GameplayLevelView.swift in Sources */ = {isa = PBXBuildFile; fileRef = 146E2E1829C0E5B400BFC757 /* GameplayLevelView.swift */; };
		14C53B2629C5E9D10035EC17 /* GameUpdater.swift in Sources */ = {isa = PBXBuildFile; fileRef = 14C53B2529C5E9D10035EC17 /* GameUpdater.swift */; };
		14C6732029D366D300D8DF78 /* MainMenuView.swift in Sources */ = {isa = PBXBuildFile; fileRef = 14C6731F29D366D300D8DF78 /* MainMenuView.swift */; };
		14C6732229D368C900D8DF78 /* Constants.swift in Sources */ = {isa = PBXBuildFile; fileRef = 14C6732129D368C900D8DF78 /* Constants.swift */; };
		14C6732429D36AB100D8DF78 /* GameModeSelectView.swift in Sources */ = {isa = PBXBuildFile; fileRef = 14C6732329D36AB100D8DF78 /* GameModeSelectView.swift */; };
		14C6732729D36D4900D8DF78 /* MenuButtonText.swift in Sources */ = {isa = PBXBuildFile; fileRef = 14C6732629D36D4900D8DF78 /* MenuButtonText.swift */; };
		14C6732929D36F4D00D8DF78 /* SettingsView.swift in Sources */ = {isa = PBXBuildFile; fileRef = 14C6732829D36F4D00D8DF78 /* SettingsView.swift */; };
		14C6732B29D370AE00D8DF78 /* SettingsManager.swift in Sources */ = {isa = PBXBuildFile; fileRef = 14C6732A29D370AE00D8DF78 /* SettingsManager.swift */; };
		14C6732D29D3712A00D8DF78 /* CategoryText.swift in Sources */ = {isa = PBXBuildFile; fileRef = 14C6732C29D3712A00D8DF78 /* CategoryText.swift */; };
		14C6732F29D371D700D8DF78 /* BodyText.swift in Sources */ = {isa = PBXBuildFile; fileRef = 14C6732E29D371D700D8DF78 /* BodyText.swift */; };
		14C6733529D3737200D8DF78 /* bkgMusic.mp3 in Resources */ = {isa = PBXBuildFile; fileRef = 14C6733429D3737200D8DF78 /* bkgMusic.mp3 */; };
		14DAFDF729CE3146003BE140 /* SoundSystem.swift in Sources */ = {isa = PBXBuildFile; fileRef = 14DAFDF629CE3146003BE140 /* SoundSystem.swift */; };
		2F469D5129D2AA3200C4152E /* CGPath+Create.swift in Sources */ = {isa = PBXBuildFile; fileRef = 2F469D5029D2AA3200C4152E /* CGPath+Create.swift */; };
		2F469D5529D2AB1500C4152E /* FiziksContact.swift in Sources */ = {isa = PBXBuildFile; fileRef = 2F469D5329D2AB1500C4152E /* FiziksContact.swift */; };
		2F469D5629D2AB1500C4152E /* FiziksContactDelegate.swift in Sources */ = {isa = PBXBuildFile; fileRef = 2F469D5429D2AB1500C4152E /* FiziksContactDelegate.swift */; };
		2F469D5829D2AB2700C4152E /* FiziksScene.swift in Sources */ = {isa = PBXBuildFile; fileRef = 2F469D5729D2AB2700C4152E /* FiziksScene.swift */; };
		2F469D5A29D2AB3300C4152E /* FiziksShapeNode.swift in Sources */ = {isa = PBXBuildFile; fileRef = 2F469D5929D2AB3300C4152E /* FiziksShapeNode.swift */; };
		2F469D5C29D2ABD900C4152E /* MockFIziksSceneUpdateDelegate.swift in Sources */ = {isa = PBXBuildFile; fileRef = 2F469D5B29D2ABD900C4152E /* MockFIziksSceneUpdateDelegate.swift */; };
		2F7E13A629C0F054000E6FA9 /* BiMap.swift in Sources */ = {isa = PBXBuildFile; fileRef = 2F7E13A529C0F054000E6FA9 /* BiMap.swift */; };
		2FA2AC0329C74528001C5B7C /* GameEngineTests.swift in Sources */ = {isa = PBXBuildFile; fileRef = 2FA2AC0229C74528001C5B7C /* GameEngineTests.swift */; };
		2FA2AC0529C74541001C5B7C /* GameEngine.swift in Sources */ = {isa = PBXBuildFile; fileRef = 2FA2AC0429C74541001C5B7C /* GameEngine.swift */; };
		2FBBD79E29C6C1C100C30582 /* BiMapTests.swift in Sources */ = {isa = PBXBuildFile; fileRef = 2FBBD79D29C6C1C100C30582 /* BiMapTests.swift */; };
		2FC7FACC29C50B4500B56850 /* ShapeRandomizerTests.swift in Sources */ = {isa = PBXBuildFile; fileRef = 2FC7FACB29C50B4500B56850 /* ShapeRandomizerTests.swift */; };
		2FC7FAD229C50C2C00B56850 /* RandomNumberGeneratorWithSeed.swift in Sources */ = {isa = PBXBuildFile; fileRef = 2FC7FAD129C50C2C00B56850 /* RandomNumberGeneratorWithSeed.swift */; };
		2FC7FAD429C50C3C00B56850 /* ShapeRandomizer.swift in Sources */ = {isa = PBXBuildFile; fileRef = 2FC7FAD329C50C3C00B56850 /* ShapeRandomizer.swift */; };
		2FC7FADE29C510F200B56850 /* CGPoint+arithmeticMean.swift in Sources */ = {isa = PBXBuildFile; fileRef = 2FC7FADD29C510F200B56850 /* CGPoint+arithmeticMean.swift */; };
		614B458829D3EB9100BDD2F0 /* CGVector+Multiply.swift in Sources */ = {isa = PBXBuildFile; fileRef = 614B458729D3EB9100BDD2F0 /* CGVector+Multiply.swift */; };
		619D44A029C62FFC00EE00CE /* FiziksContactTests.swift in Sources */ = {isa = PBXBuildFile; fileRef = 619D449F29C62FFC00EE00CE /* FiziksContactTests.swift */; };
		619D44A429C630FD00EE00CE /* FiziksBody.swift in Sources */ = {isa = PBXBuildFile; fileRef = 146E2E0529C0E2FE00BFC757 /* FiziksBody.swift */; };
		619D44A529C630FD00EE00CE /* PathFiziksBody.swift in Sources */ = {isa = PBXBuildFile; fileRef = 61CD55E729C35D1E00DB6000 /* PathFiziksBody.swift */; };
		619D44AB29C6310100EE00CE /* FiziksEngine.swift in Sources */ = {isa = PBXBuildFile; fileRef = 61CD55E529C35CDB00DB6000 /* FiziksEngine.swift */; };
		619D44AD29C6310100EE00CE /* GameFiziksEngine.swift in Sources */ = {isa = PBXBuildFile; fileRef = 146E2E0729C0E2FE00BFC757 /* GameFiziksEngine.swift */; };
		619D44AE29C6310100EE00CE /* FiziksConstants.swift in Sources */ = {isa = PBXBuildFile; fileRef = 61CD55E929C35D2C00DB6000 /* FiziksConstants.swift */; };
		619D44B029C6312100EE00CE /* MockFiziksBody.swift in Sources */ = {isa = PBXBuildFile; fileRef = 619D44AF29C6312100EE00CE /* MockFiziksBody.swift */; };
		619D44B529C6972000EE00CE /* FiziksSceneTests.swift in Sources */ = {isa = PBXBuildFile; fileRef = 619D44B429C6972000EE00CE /* FiziksSceneTests.swift */; };
		619D44B729C6986000EE00CE /* PathFiziksBodyTests.swift in Sources */ = {isa = PBXBuildFile; fileRef = 619D44B629C6986000EE00CE /* PathFiziksBodyTests.swift */; };
		619D44B929C699EA00EE00CE /* CategoryMask.swift in Sources */ = {isa = PBXBuildFile; fileRef = 61CD55ED29C35D8A00DB6000 /* CategoryMask.swift */; };
		619D44BB29C69BAA00EE00CE /* GameFiziksEngineTests.swift in Sources */ = {isa = PBXBuildFile; fileRef = 619D44BA29C69BAA00EE00CE /* GameFiziksEngineTests.swift */; };
		619D44BD29C69CE500EE00CE /* MockFiziksContactDelegate.swift in Sources */ = {isa = PBXBuildFile; fileRef = 619D44BC29C69CE500EE00CE /* MockFiziksContactDelegate.swift */; };
		619D44C029C6F35300EE00CE /* ObjectShape.swift in Sources */ = {isa = PBXBuildFile; fileRef = 619D44BF29C6F35300EE00CE /* ObjectShape.swift */; };
		619D44C329C6F3AE00EE00CE /* PathObjectShape.swift in Sources */ = {isa = PBXBuildFile; fileRef = 619D44C229C6F3AE00EE00CE /* PathObjectShape.swift */; };
		619D44C529C70EFA00EE00CE /* PlatformShape.swift in Sources */ = {isa = PBXBuildFile; fileRef = 619D44C429C70EFA00EE00CE /* PlatformShape.swift */; };
		61A10F1C29D2EB4B000EB4B4 /* BlockTouchedPowerupLineEvent.swift in Sources */ = {isa = PBXBuildFile; fileRef = 61A10F1B29D2EB4B000EB4B4 /* BlockTouchedPowerupLineEvent.swift */; };
		61A10F1F29D30BED000EB4B4 /* PowerupManager.swift in Sources */ = {isa = PBXBuildFile; fileRef = 61A10F1E29D30BED000EB4B4 /* PowerupManager.swift */; };
		61A10F2129D30C02000EB4B4 /* Powerup.swift in Sources */ = {isa = PBXBuildFile; fileRef = 61A10F2029D30C02000EB4B4 /* Powerup.swift */; };
		61A10F2429D30C7F000EB4B4 /* Queue.swift in Sources */ = {isa = PBXBuildFile; fileRef = 61A10F2329D30C7F000EB4B4 /* Queue.swift */; };
		61A10F2629D30CAB000EB4B4 /* LinkedList.swift in Sources */ = {isa = PBXBuildFile; fileRef = 61A10F2529D30CAB000EB4B4 /* LinkedList.swift */; };
		61A10F2829D30CBB000EB4B4 /* LinkedListNode.swift in Sources */ = {isa = PBXBuildFile; fileRef = 61A10F2729D30CBB000EB4B4 /* LinkedListNode.swift */; };
		61A10F2B29D30CF0000EB4B4 /* QueueTests.swift in Sources */ = {isa = PBXBuildFile; fileRef = 61A10F2A29D30CF0000EB4B4 /* QueueTests.swift */; };
		61A10F2F29D30D03000EB4B4 /* BiMap.swift in Sources */ = {isa = PBXBuildFile; fileRef = 2F7E13A529C0F054000E6FA9 /* BiMap.swift */; };
		61A10F3029D30D03000EB4B4 /* LinkedList.swift in Sources */ = {isa = PBXBuildFile; fileRef = 61A10F2529D30CAB000EB4B4 /* LinkedList.swift */; };
		61A10F3129D30D03000EB4B4 /* Queue.swift in Sources */ = {isa = PBXBuildFile; fileRef = 61A10F2329D30C7F000EB4B4 /* Queue.swift */; };
		61A10F3229D30D03000EB4B4 /* LinkedListNode.swift in Sources */ = {isa = PBXBuildFile; fileRef = 61A10F2729D30CBB000EB4B4 /* LinkedListNode.swift */; };
		61A10F3429D30D0C000EB4B4 /* LinkedListTests.swift in Sources */ = {isa = PBXBuildFile; fileRef = 61A10F3329D30D0C000EB4B4 /* LinkedListTests.swift */; };
		61A10F3629D30D1C000EB4B4 /* LinkedListNodeTests.swift in Sources */ = {isa = PBXBuildFile; fileRef = 61A10F3529D30D1C000EB4B4 /* LinkedListNodeTests.swift */; };
		61A10F3829D30DCA000EB4B4 /* PowerupDelegate.swift in Sources */ = {isa = PBXBuildFile; fileRef = 61A10F3729D30DCA000EB4B4 /* PowerupDelegate.swift */; };
		61A10F3B29D30E9E000EB4B4 /* VinePowerup.swift in Sources */ = {isa = PBXBuildFile; fileRef = 61A10F3A29D30E9E000EB4B4 /* VinePowerup.swift */; };
		61A10F3D29D30F93000EB4B4 /* PlatformPowerup.swift in Sources */ = {isa = PBXBuildFile; fileRef = 61A10F3C29D30F93000EB4B4 /* PlatformPowerup.swift */; };
		61A10F3F29D30FB0000EB4B4 /* GamePowerupManager.swift in Sources */ = {isa = PBXBuildFile; fileRef = 61A10F3E29D30FB0000EB4B4 /* GamePowerupManager.swift */; };
		61A10F4129D31083000EB4B4 /* VinePowerupActivatedEvent.swift in Sources */ = {isa = PBXBuildFile; fileRef = 61A10F4029D31083000EB4B4 /* VinePowerupActivatedEvent.swift */; };
		61A10F4329D310CA000EB4B4 /* PlatformPowerupActivatedEvent.swift in Sources */ = {isa = PBXBuildFile; fileRef = 61A10F4229D310CA000EB4B4 /* PlatformPowerupActivatedEvent.swift */; };
		61A10F4529D31357000EB4B4 /* PowerupFactory.swift in Sources */ = {isa = PBXBuildFile; fileRef = 61A10F4429D31357000EB4B4 /* PowerupFactory.swift */; };
		61A10F4729D31384000EB4B4 /* PowerupType.swift in Sources */ = {isa = PBXBuildFile; fileRef = 61A10F4629D31384000EB4B4 /* PowerupType.swift */; };
		61AE15B329D16DD500D04E95 /* BlockPlacedEvent.swift in Sources */ = {isa = PBXBuildFile; fileRef = 61AE15B229D16DD500D04E95 /* BlockPlacedEvent.swift */; };
		61AE15B529D1786700D04E95 /* PowerupLineView.swift in Sources */ = {isa = PBXBuildFile; fileRef = 61AE15B429D1786700D04E95 /* PowerupLineView.swift */; };
		61AE15B729D18B2D00D04E95 /* PowerupLine.swift in Sources */ = {isa = PBXBuildFile; fileRef = 61AE15B629D18B2D00D04E95 /* PowerupLine.swift */; };
		61AE15B929D18BB400D04E95 /* PowerupLineShape.swift in Sources */ = {isa = PBXBuildFile; fileRef = 61AE15B829D18BB400D04E95 /* PowerupLineShape.swift */; };
		61CD55E629C35CDB00DB6000 /* FiziksEngine.swift in Sources */ = {isa = PBXBuildFile; fileRef = 61CD55E529C35CDB00DB6000 /* FiziksEngine.swift */; };
		61CD55E829C35D1E00DB6000 /* PathFiziksBody.swift in Sources */ = {isa = PBXBuildFile; fileRef = 61CD55E729C35D1E00DB6000 /* PathFiziksBody.swift */; };
		61CD55EA29C35D2C00DB6000 /* FiziksConstants.swift in Sources */ = {isa = PBXBuildFile; fileRef = 61CD55E929C35D2C00DB6000 /* FiziksConstants.swift */; };
		61CD55EE29C35D8A00DB6000 /* CategoryMask.swift in Sources */ = {isa = PBXBuildFile; fileRef = 61CD55ED29C35D8A00DB6000 /* CategoryMask.swift */; };
		61CD55F029C35D9600DB6000 /* CollisionMask.swift in Sources */ = {isa = PBXBuildFile; fileRef = 61CD55EF29C35D9600DB6000 /* CollisionMask.swift */; };
		61CD55F229C35DA700DB6000 /* ContactTestMask.swift in Sources */ = {isa = PBXBuildFile; fileRef = 61CD55F129C35DA700DB6000 /* ContactTestMask.swift */; };
		61FC030F29CC3AE100CE2CE5 /* CGPath+Dimensions.swift in Sources */ = {isa = PBXBuildFile; fileRef = 61FC030E29CC3AE100CE2CE5 /* CGPath+Dimensions.swift */; };
		61FC031129CC483400CE2CE5 /* CGPath+Rotate.swift in Sources */ = {isa = PBXBuildFile; fileRef = 61FC031029CC483400CE2CE5 /* CGPath+Rotate.swift */; };
		61FC031329CCBDE300CE2CE5 /* PathViewShape.swift in Sources */ = {isa = PBXBuildFile; fileRef = 61FC031229CCBDE300CE2CE5 /* PathViewShape.swift */; };
		61FC031529CCBFB100CE2CE5 /* CGPoint+Arithmetic.swift in Sources */ = {isa = PBXBuildFile; fileRef = 61FC031429CCBFB100CE2CE5 /* CGPoint+Arithmetic.swift */; };
		61FC031729CD498400CE2CE5 /* Shape+Fill.swift in Sources */ = {isa = PBXBuildFile; fileRef = 61FC031629CD498400CE2CE5 /* Shape+Fill.swift */; };
/* End PBXBuildFile section */

/* Begin PBXContainerItemProxy section */
		146E2DC129C0D07300BFC757 /* PBXContainerItemProxy */ = {
			isa = PBXContainerItemProxy;
			containerPortal = 146E2DA829C0D07200BFC757 /* Project object */;
			proxyType = 1;
			remoteGlobalIDString = 146E2DAF29C0D07200BFC757;
			remoteInfo = TumblingTowersGame;
		};
		146E2DCB29C0D07300BFC757 /* PBXContainerItemProxy */ = {
			isa = PBXContainerItemProxy;
			containerPortal = 146E2DA829C0D07200BFC757 /* Project object */;
			proxyType = 1;
			remoteGlobalIDString = 146E2DAF29C0D07200BFC757;
			remoteInfo = TumblingTowersGame;
		};
/* End PBXContainerItemProxy section */

/* Begin PBXFileReference section */
		124B02C029C415CC00094CF5 /* BlockView.swift */ = {isa = PBXFileReference; lastKnownFileType = sourcecode.swift; path = BlockView.swift; sourceTree = "<group>"; };
		124B02C229C415DC00094CF5 /* PlatformView.swift */ = {isa = PBXFileReference; lastKnownFileType = sourcecode.swift; path = PlatformView.swift; sourceTree = "<group>"; };
		124B02C829C4171400094CF5 /* ViewImageManager.swift */ = {isa = PBXFileReference; lastKnownFileType = sourcecode.swift; path = ViewImageManager.swift; sourceTree = "<group>"; };
		124B02CC29C41F7100094CF5 /* GameObject.swift */ = {isa = PBXFileReference; lastKnownFileType = sourcecode.swift; path = GameObject.swift; sourceTree = "<group>"; };
		124B02CE29C41FD000094CF5 /* GameObjectBlock.swift */ = {isa = PBXFileReference; lastKnownFileType = sourcecode.swift; path = GameObjectBlock.swift; sourceTree = "<group>"; };
		124B02D229C4204300094CF5 /* GameObjectPlatform.swift */ = {isa = PBXFileReference; lastKnownFileType = sourcecode.swift; path = GameObjectPlatform.swift; sourceTree = "<group>"; };
		124B02D429C55F8C00094CF5 /* Level.swift */ = {isa = PBXFileReference; lastKnownFileType = sourcecode.swift; path = Level.swift; sourceTree = "<group>"; };
		124B02D629C567F600094CF5 /* LevelView.swift */ = {isa = PBXFileReference; lastKnownFileType = sourcecode.swift; path = LevelView.swift; sourceTree = "<group>"; };
		124B02D829C568FE00094CF5 /* BackgroundView.swift */ = {isa = PBXFileReference; lastKnownFileType = sourcecode.swift; path = BackgroundView.swift; sourceTree = "<group>"; };
		124B02DB29C74C1400094CF5 /* ViewImageManagerTests.swift */ = {isa = PBXFileReference; lastKnownFileType = sourcecode.swift; path = ViewImageManagerTests.swift; sourceTree = "<group>"; };
		124B02DD29C74D8800094CF5 /* GameObjectBlockTests.swift */ = {isa = PBXFileReference; lastKnownFileType = sourcecode.swift; path = GameObjectBlockTests.swift; sourceTree = "<group>"; };
		124B02DF29C74F3900094CF5 /* GameObjectPlatformTests.swift */ = {isa = PBXFileReference; lastKnownFileType = sourcecode.swift; path = GameObjectPlatformTests.swift; sourceTree = "<group>"; };
		124B02E129C754F400094CF5 /* LevelTests.swift */ = {isa = PBXFileReference; lastKnownFileType = sourcecode.swift; path = LevelTests.swift; sourceTree = "<group>"; };
		124B02E529C9DAA200094CF5 /* EventManager.swift */ = {isa = PBXFileReference; lastKnownFileType = sourcecode.swift; path = EventManager.swift; sourceTree = "<group>"; };
		124B02E729C9DABA00094CF5 /* TumblingTowersEventManager.swift */ = {isa = PBXFileReference; lastKnownFileType = sourcecode.swift; path = TumblingTowersEventManager.swift; sourceTree = "<group>"; };
		124B02EA29C9DB8300094CF5 /* Event.swift */ = {isa = PBXFileReference; lastKnownFileType = sourcecode.swift; path = Event.swift; sourceTree = "<group>"; };
		124B02EC29C9ED0000094CF5 /* EventIdentifier.swift */ = {isa = PBXFileReference; lastKnownFileType = sourcecode.swift; path = EventIdentifier.swift; sourceTree = "<group>"; };
		124B02EE29C9ED1800094CF5 /* TumblingTowersEventIdentifier.swift */ = {isa = PBXFileReference; lastKnownFileType = sourcecode.swift; path = TumblingTowersEventIdentifier.swift; sourceTree = "<group>"; };
		124B02F029C9ED4100094CF5 /* TumblingTowersEvent.swift */ = {isa = PBXFileReference; lastKnownFileType = sourcecode.swift; path = TumblingTowersEvent.swift; sourceTree = "<group>"; };
		124B02F229C9ED6A00094CF5 /* NotificationCenterFacade.swift */ = {isa = PBXFileReference; lastKnownFileType = sourcecode.swift; path = NotificationCenterFacade.swift; sourceTree = "<group>"; };
		124B02F429C9F10300094CF5 /* TumblingTowersNotification.swift */ = {isa = PBXFileReference; lastKnownFileType = sourcecode.swift; path = TumblingTowersNotification.swift; sourceTree = "<group>"; };
		124B02F629C9F54B00094CF5 /* NotificationName.swift */ = {isa = PBXFileReference; lastKnownFileType = sourcecode.swift; path = NotificationName.swift; sourceTree = "<group>"; };
		14168DDD29D82AC200EF5C22 /* GameEndView.swift */ = {isa = PBXFileReference; lastKnownFileType = sourcecode.swift; path = GameEndView.swift; sourceTree = "<group>"; };
		14168DDF29D82C6F00EF5C22 /* GameplayGoBackMenuView.swift */ = {isa = PBXFileReference; lastKnownFileType = sourcecode.swift; path = GameplayGoBackMenuView.swift; sourceTree = "<group>"; };
		14168DE129D831F500EF5C22 /* GameTimer.swift */ = {isa = PBXFileReference; lastKnownFileType = sourcecode.swift; path = GameTimer.swift; sourceTree = "<group>"; };
		14168DE329D8B6EA00EF5C22 /* BlockInsertedEvent.swift */ = {isa = PBXFileReference; lastKnownFileType = sourcecode.swift; path = BlockInsertedEvent.swift; sourceTree = "<group>"; };
		1421B0CB29D41C530002E4AA /* GameMode.swift */ = {isa = PBXFileReference; lastKnownFileType = sourcecode.swift; path = GameMode.swift; sourceTree = "<group>"; };
		1421B0CD29D41F740002E4AA /* SurvivalGameMode.swift */ = {isa = PBXFileReference; lastKnownFileType = sourcecode.swift; path = SurvivalGameMode.swift; sourceTree = "<group>"; };
		1421B0CF29D424A70002E4AA /* BlockDroppedEvent.swift */ = {isa = PBXFileReference; lastKnownFileType = sourcecode.swift; path = BlockDroppedEvent.swift; sourceTree = "<group>"; };
		1421B0D129D435950002E4AA /* RaceTimeGameMode.swift */ = {isa = PBXFileReference; lastKnownFileType = sourcecode.swift; path = RaceTimeGameMode.swift; sourceTree = "<group>"; };
		1445F84929C71DC900F94751 /* TapInputTests.swift */ = {isa = PBXFileReference; lastKnownFileType = sourcecode.swift; path = TapInputTests.swift; sourceTree = "<group>"; };
		146E2DB029C0D07200BFC757 /* TumblingTowersGame.app */ = {isa = PBXFileReference; explicitFileType = wrapper.application; includeInIndex = 0; path = TumblingTowersGame.app; sourceTree = BUILT_PRODUCTS_DIR; };
		146E2DB329C0D07200BFC757 /* TumblingTowersGameApp.swift */ = {isa = PBXFileReference; lastKnownFileType = sourcecode.swift; path = TumblingTowersGameApp.swift; sourceTree = "<group>"; };
		146E2DB529C0D07200BFC757 /* ContentView.swift */ = {isa = PBXFileReference; lastKnownFileType = sourcecode.swift; path = ContentView.swift; sourceTree = "<group>"; };
		146E2DB729C0D07300BFC757 /* Assets.xcassets */ = {isa = PBXFileReference; lastKnownFileType = folder.assetcatalog; path = Assets.xcassets; sourceTree = "<group>"; };
		146E2DBA29C0D07300BFC757 /* Preview Assets.xcassets */ = {isa = PBXFileReference; lastKnownFileType = folder.assetcatalog; path = "Preview Assets.xcassets"; sourceTree = "<group>"; };
		146E2DC029C0D07300BFC757 /* TumblingTowersGameTests.xctest */ = {isa = PBXFileReference; explicitFileType = wrapper.cfbundle; includeInIndex = 0; path = TumblingTowersGameTests.xctest; sourceTree = BUILT_PRODUCTS_DIR; };
		146E2DC429C0D07300BFC757 /* TumblingTowersGameTests.swift */ = {isa = PBXFileReference; lastKnownFileType = sourcecode.swift; path = TumblingTowersGameTests.swift; sourceTree = "<group>"; };
		146E2DCA29C0D07300BFC757 /* TumblingTowersGameUITests.xctest */ = {isa = PBXFileReference; explicitFileType = wrapper.cfbundle; includeInIndex = 0; path = TumblingTowersGameUITests.xctest; sourceTree = BUILT_PRODUCTS_DIR; };
		146E2DCE29C0D07300BFC757 /* TumblingTowersGameUITests.swift */ = {isa = PBXFileReference; lastKnownFileType = sourcecode.swift; path = TumblingTowersGameUITests.swift; sourceTree = "<group>"; };
		146E2DD029C0D07300BFC757 /* TumblingTowersGameUITestsLaunchTests.swift */ = {isa = PBXFileReference; lastKnownFileType = sourcecode.swift; path = TumblingTowersGameUITestsLaunchTests.swift; sourceTree = "<group>"; };
		146E2DE129C0D61A00BFC757 /* GameEngineManager.swift */ = {isa = PBXFileReference; fileEncoding = 4; lastKnownFileType = sourcecode.swift; path = GameEngineManager.swift; sourceTree = "<group>"; };
		146E2DE229C0D61A00BFC757 /* GameRendererDelegate.swift */ = {isa = PBXFileReference; fileEncoding = 4; lastKnownFileType = sourcecode.swift; path = GameRendererDelegate.swift; sourceTree = "<group>"; };
		146E2DE329C0D61A00BFC757 /* MainGameManager.swift */ = {isa = PBXFileReference; fileEncoding = 4; lastKnownFileType = sourcecode.swift; path = MainGameManager.swift; sourceTree = "<group>"; };
		146E2DE729C0D62800BFC757 /* InputSystem.swift */ = {isa = PBXFileReference; fileEncoding = 4; lastKnownFileType = sourcecode.swift; path = InputSystem.swift; sourceTree = "<group>"; };
		146E2DE829C0D62800BFC757 /* TapInput.swift */ = {isa = PBXFileReference; fileEncoding = 4; lastKnownFileType = sourcecode.swift; path = TapInput.swift; sourceTree = "<group>"; };
		146E2DE929C0D62800BFC757 /* GyroInput.swift */ = {isa = PBXFileReference; fileEncoding = 4; lastKnownFileType = sourcecode.swift; path = GyroInput.swift; sourceTree = "<group>"; };
		146E2DED29C0D62F00BFC757 /* Vector.swift */ = {isa = PBXFileReference; fileEncoding = 4; lastKnownFileType = sourcecode.swift; path = Vector.swift; sourceTree = "<group>"; };
		146E2DEE29C0D62F00BFC757 /* Point.swift */ = {isa = PBXFileReference; fileEncoding = 4; lastKnownFileType = sourcecode.swift; path = Point.swift; sourceTree = "<group>"; };
		146E2DFD29C0E05A00BFC757 /* TetrisShape.swift */ = {isa = PBXFileReference; fileEncoding = 4; lastKnownFileType = sourcecode.swift; path = TetrisShape.swift; sourceTree = "<group>"; };
		146E2E0529C0E2FE00BFC757 /* FiziksBody.swift */ = {isa = PBXFileReference; fileEncoding = 4; lastKnownFileType = sourcecode.swift; path = FiziksBody.swift; sourceTree = "<group>"; };
		146E2E0729C0E2FE00BFC757 /* GameFiziksEngine.swift */ = {isa = PBXFileReference; fileEncoding = 4; lastKnownFileType = sourcecode.swift; path = GameFiziksEngine.swift; sourceTree = "<group>"; };
		146E2E0B29C0E30700BFC757 /* GameEngineObject.swift */ = {isa = PBXFileReference; fileEncoding = 4; lastKnownFileType = sourcecode.swift; path = GameEngineObject.swift; sourceTree = "<group>"; };
		146E2E0C29C0E30700BFC757 /* Platform.swift */ = {isa = PBXFileReference; fileEncoding = 4; lastKnownFileType = sourcecode.swift; path = Platform.swift; sourceTree = "<group>"; };
		146E2E0D29C0E30700BFC757 /* Block.swift */ = {isa = PBXFileReference; fileEncoding = 4; lastKnownFileType = sourcecode.swift; path = Block.swift; sourceTree = "<group>"; };
		146E2E1529C0E33900BFC757 /* CGPoint+Hashable.swift */ = {isa = PBXFileReference; fileEncoding = 4; lastKnownFileType = sourcecode.swift; path = "CGPoint+Hashable.swift"; sourceTree = "<group>"; };
		146E2E1829C0E5B400BFC757 /* GameplayLevelView.swift */ = {isa = PBXFileReference; lastKnownFileType = sourcecode.swift; path = GameplayLevelView.swift; sourceTree = "<group>"; };
		14C53B2529C5E9D10035EC17 /* GameUpdater.swift */ = {isa = PBXFileReference; lastKnownFileType = sourcecode.swift; name = GameUpdater.swift; path = TumblingTowersGame/GameUpdater/GameUpdater.swift; sourceTree = SOURCE_ROOT; };
		14C6731F29D366D300D8DF78 /* MainMenuView.swift */ = {isa = PBXFileReference; lastKnownFileType = sourcecode.swift; path = MainMenuView.swift; sourceTree = "<group>"; };
		14C6732129D368C900D8DF78 /* Constants.swift */ = {isa = PBXFileReference; lastKnownFileType = sourcecode.swift; path = Constants.swift; sourceTree = "<group>"; };
		14C6732329D36AB100D8DF78 /* GameModeSelectView.swift */ = {isa = PBXFileReference; lastKnownFileType = sourcecode.swift; path = GameModeSelectView.swift; sourceTree = "<group>"; };
		14C6732629D36D4900D8DF78 /* MenuButtonText.swift */ = {isa = PBXFileReference; lastKnownFileType = sourcecode.swift; path = MenuButtonText.swift; sourceTree = "<group>"; };
		14C6732829D36F4D00D8DF78 /* SettingsView.swift */ = {isa = PBXFileReference; lastKnownFileType = sourcecode.swift; path = SettingsView.swift; sourceTree = "<group>"; };
		14C6732A29D370AE00D8DF78 /* SettingsManager.swift */ = {isa = PBXFileReference; lastKnownFileType = sourcecode.swift; path = SettingsManager.swift; sourceTree = "<group>"; };
		14C6732C29D3712A00D8DF78 /* CategoryText.swift */ = {isa = PBXFileReference; lastKnownFileType = sourcecode.swift; path = CategoryText.swift; sourceTree = "<group>"; };
		14C6732E29D371D700D8DF78 /* BodyText.swift */ = {isa = PBXFileReference; lastKnownFileType = sourcecode.swift; path = BodyText.swift; sourceTree = "<group>"; };
		14C6733429D3737200D8DF78 /* bkgMusic.mp3 */ = {isa = PBXFileReference; lastKnownFileType = audio.mp3; path = bkgMusic.mp3; sourceTree = "<group>"; };
		14DAFDF629CE3146003BE140 /* SoundSystem.swift */ = {isa = PBXFileReference; lastKnownFileType = sourcecode.swift; path = SoundSystem.swift; sourceTree = "<group>"; };
		2F469D5029D2AA3200C4152E /* CGPath+Create.swift */ = {isa = PBXFileReference; fileEncoding = 4; lastKnownFileType = sourcecode.swift; path = "CGPath+Create.swift"; sourceTree = "<group>"; };
		2F469D5329D2AB1500C4152E /* FiziksContact.swift */ = {isa = PBXFileReference; fileEncoding = 4; lastKnownFileType = sourcecode.swift; path = FiziksContact.swift; sourceTree = "<group>"; };
		2F469D5429D2AB1500C4152E /* FiziksContactDelegate.swift */ = {isa = PBXFileReference; fileEncoding = 4; lastKnownFileType = sourcecode.swift; path = FiziksContactDelegate.swift; sourceTree = "<group>"; };
		2F469D5729D2AB2700C4152E /* FiziksScene.swift */ = {isa = PBXFileReference; fileEncoding = 4; lastKnownFileType = sourcecode.swift; path = FiziksScene.swift; sourceTree = "<group>"; };
		2F469D5929D2AB3300C4152E /* FiziksShapeNode.swift */ = {isa = PBXFileReference; fileEncoding = 4; lastKnownFileType = sourcecode.swift; path = FiziksShapeNode.swift; sourceTree = "<group>"; };
		2F469D5B29D2ABD900C4152E /* MockFIziksSceneUpdateDelegate.swift */ = {isa = PBXFileReference; fileEncoding = 4; lastKnownFileType = sourcecode.swift; path = MockFIziksSceneUpdateDelegate.swift; sourceTree = "<group>"; };
		2F7E13A529C0F054000E6FA9 /* BiMap.swift */ = {isa = PBXFileReference; lastKnownFileType = sourcecode.swift; path = BiMap.swift; sourceTree = "<group>"; };
		2FA2AC0229C74528001C5B7C /* GameEngineTests.swift */ = {isa = PBXFileReference; fileEncoding = 4; lastKnownFileType = sourcecode.swift; path = GameEngineTests.swift; sourceTree = "<group>"; };
		2FA2AC0429C74541001C5B7C /* GameEngine.swift */ = {isa = PBXFileReference; fileEncoding = 4; lastKnownFileType = sourcecode.swift; path = GameEngine.swift; sourceTree = "<group>"; };
		2FBBD79D29C6C1C100C30582 /* BiMapTests.swift */ = {isa = PBXFileReference; lastKnownFileType = sourcecode.swift; path = BiMapTests.swift; sourceTree = "<group>"; };
		2FC7FACB29C50B4500B56850 /* ShapeRandomizerTests.swift */ = {isa = PBXFileReference; lastKnownFileType = sourcecode.swift; path = ShapeRandomizerTests.swift; sourceTree = "<group>"; };
		2FC7FAD129C50C2C00B56850 /* RandomNumberGeneratorWithSeed.swift */ = {isa = PBXFileReference; fileEncoding = 4; lastKnownFileType = sourcecode.swift; path = RandomNumberGeneratorWithSeed.swift; sourceTree = "<group>"; };
		2FC7FAD329C50C3C00B56850 /* ShapeRandomizer.swift */ = {isa = PBXFileReference; lastKnownFileType = sourcecode.swift; path = ShapeRandomizer.swift; sourceTree = "<group>"; };
		2FC7FADD29C510F200B56850 /* CGPoint+arithmeticMean.swift */ = {isa = PBXFileReference; lastKnownFileType = sourcecode.swift; path = "CGPoint+arithmeticMean.swift"; sourceTree = "<group>"; };
		614B458729D3EB9100BDD2F0 /* CGVector+Multiply.swift */ = {isa = PBXFileReference; lastKnownFileType = sourcecode.swift; path = "CGVector+Multiply.swift"; sourceTree = "<group>"; };
		619D449F29C62FFC00EE00CE /* FiziksContactTests.swift */ = {isa = PBXFileReference; lastKnownFileType = sourcecode.swift; path = FiziksContactTests.swift; sourceTree = "<group>"; };
		619D44AF29C6312100EE00CE /* MockFiziksBody.swift */ = {isa = PBXFileReference; lastKnownFileType = sourcecode.swift; path = MockFiziksBody.swift; sourceTree = "<group>"; };
		619D44B429C6972000EE00CE /* FiziksSceneTests.swift */ = {isa = PBXFileReference; lastKnownFileType = sourcecode.swift; path = FiziksSceneTests.swift; sourceTree = "<group>"; };
		619D44B629C6986000EE00CE /* PathFiziksBodyTests.swift */ = {isa = PBXFileReference; lastKnownFileType = sourcecode.swift; path = PathFiziksBodyTests.swift; sourceTree = "<group>"; };
		619D44BA29C69BAA00EE00CE /* GameFiziksEngineTests.swift */ = {isa = PBXFileReference; lastKnownFileType = sourcecode.swift; path = GameFiziksEngineTests.swift; sourceTree = "<group>"; };
		619D44BC29C69CE500EE00CE /* MockFiziksContactDelegate.swift */ = {isa = PBXFileReference; lastKnownFileType = sourcecode.swift; path = MockFiziksContactDelegate.swift; sourceTree = "<group>"; };
		619D44BF29C6F35300EE00CE /* ObjectShape.swift */ = {isa = PBXFileReference; lastKnownFileType = sourcecode.swift; path = ObjectShape.swift; sourceTree = "<group>"; };
		619D44C229C6F3AE00EE00CE /* PathObjectShape.swift */ = {isa = PBXFileReference; lastKnownFileType = sourcecode.swift; path = PathObjectShape.swift; sourceTree = "<group>"; };
		619D44C429C70EFA00EE00CE /* PlatformShape.swift */ = {isa = PBXFileReference; lastKnownFileType = sourcecode.swift; path = PlatformShape.swift; sourceTree = "<group>"; };
		61A10F1B29D2EB4B000EB4B4 /* BlockTouchedPowerupLineEvent.swift */ = {isa = PBXFileReference; lastKnownFileType = sourcecode.swift; name = BlockTouchedPowerupLineEvent.swift; path = TumblingTowersGame/Models/GameEngine/GameEngineObject/ObjectShape/BlockTouchedPowerupLineEvent.swift; sourceTree = SOURCE_ROOT; };
		61A10F1E29D30BED000EB4B4 /* PowerupManager.swift */ = {isa = PBXFileReference; lastKnownFileType = sourcecode.swift; path = PowerupManager.swift; sourceTree = "<group>"; };
		61A10F2029D30C02000EB4B4 /* Powerup.swift */ = {isa = PBXFileReference; lastKnownFileType = sourcecode.swift; path = Powerup.swift; sourceTree = "<group>"; };
		61A10F2329D30C7F000EB4B4 /* Queue.swift */ = {isa = PBXFileReference; lastKnownFileType = sourcecode.swift; path = Queue.swift; sourceTree = "<group>"; };
		61A10F2529D30CAB000EB4B4 /* LinkedList.swift */ = {isa = PBXFileReference; lastKnownFileType = sourcecode.swift; path = LinkedList.swift; sourceTree = "<group>"; };
		61A10F2729D30CBB000EB4B4 /* LinkedListNode.swift */ = {isa = PBXFileReference; lastKnownFileType = sourcecode.swift; path = LinkedListNode.swift; sourceTree = "<group>"; };
		61A10F2A29D30CF0000EB4B4 /* QueueTests.swift */ = {isa = PBXFileReference; lastKnownFileType = sourcecode.swift; path = QueueTests.swift; sourceTree = "<group>"; };
		61A10F3329D30D0C000EB4B4 /* LinkedListTests.swift */ = {isa = PBXFileReference; lastKnownFileType = sourcecode.swift; path = LinkedListTests.swift; sourceTree = "<group>"; };
		61A10F3529D30D1C000EB4B4 /* LinkedListNodeTests.swift */ = {isa = PBXFileReference; lastKnownFileType = sourcecode.swift; path = LinkedListNodeTests.swift; sourceTree = "<group>"; };
		61A10F3729D30DCA000EB4B4 /* PowerupDelegate.swift */ = {isa = PBXFileReference; lastKnownFileType = sourcecode.swift; path = PowerupDelegate.swift; sourceTree = "<group>"; };
		61A10F3A29D30E9E000EB4B4 /* VinePowerup.swift */ = {isa = PBXFileReference; lastKnownFileType = sourcecode.swift; path = VinePowerup.swift; sourceTree = "<group>"; };
		61A10F3C29D30F93000EB4B4 /* PlatformPowerup.swift */ = {isa = PBXFileReference; lastKnownFileType = sourcecode.swift; path = PlatformPowerup.swift; sourceTree = "<group>"; };
		61A10F3E29D30FB0000EB4B4 /* GamePowerupManager.swift */ = {isa = PBXFileReference; lastKnownFileType = sourcecode.swift; path = GamePowerupManager.swift; sourceTree = "<group>"; };
		61A10F4029D31083000EB4B4 /* VinePowerupActivatedEvent.swift */ = {isa = PBXFileReference; lastKnownFileType = sourcecode.swift; name = VinePowerupActivatedEvent.swift; path = TumblingTowersGame/PowerupManager/Powerups/VinePowerupActivatedEvent.swift; sourceTree = SOURCE_ROOT; };
		61A10F4229D310CA000EB4B4 /* PlatformPowerupActivatedEvent.swift */ = {isa = PBXFileReference; lastKnownFileType = sourcecode.swift; name = PlatformPowerupActivatedEvent.swift; path = TumblingTowersGame/PowerupManager/Powerups/PlatformPowerupActivatedEvent.swift; sourceTree = SOURCE_ROOT; };
		61A10F4429D31357000EB4B4 /* PowerupFactory.swift */ = {isa = PBXFileReference; lastKnownFileType = sourcecode.swift; path = PowerupFactory.swift; sourceTree = "<group>"; };
		61A10F4629D31384000EB4B4 /* PowerupType.swift */ = {isa = PBXFileReference; lastKnownFileType = sourcecode.swift; path = PowerupType.swift; sourceTree = "<group>"; };
		61AE15B229D16DD500D04E95 /* BlockPlacedEvent.swift */ = {isa = PBXFileReference; lastKnownFileType = sourcecode.swift; name = BlockPlacedEvent.swift; path = TumblingTowersGame/Extensions/BlockPlacedEvent.swift; sourceTree = SOURCE_ROOT; };
		61AE15B429D1786700D04E95 /* PowerupLineView.swift */ = {isa = PBXFileReference; lastKnownFileType = sourcecode.swift; path = PowerupLineView.swift; sourceTree = "<group>"; };
		61AE15B629D18B2D00D04E95 /* PowerupLine.swift */ = {isa = PBXFileReference; lastKnownFileType = sourcecode.swift; path = PowerupLine.swift; sourceTree = "<group>"; };
		61AE15B829D18BB400D04E95 /* PowerupLineShape.swift */ = {isa = PBXFileReference; lastKnownFileType = sourcecode.swift; path = PowerupLineShape.swift; sourceTree = "<group>"; };
		61CD55E529C35CDB00DB6000 /* FiziksEngine.swift */ = {isa = PBXFileReference; lastKnownFileType = sourcecode.swift; path = FiziksEngine.swift; sourceTree = "<group>"; };
		61CD55E729C35D1E00DB6000 /* PathFiziksBody.swift */ = {isa = PBXFileReference; lastKnownFileType = sourcecode.swift; path = PathFiziksBody.swift; sourceTree = "<group>"; };
		61CD55E929C35D2C00DB6000 /* FiziksConstants.swift */ = {isa = PBXFileReference; lastKnownFileType = sourcecode.swift; path = FiziksConstants.swift; sourceTree = "<group>"; };
		61CD55ED29C35D8A00DB6000 /* CategoryMask.swift */ = {isa = PBXFileReference; lastKnownFileType = sourcecode.swift; path = CategoryMask.swift; sourceTree = "<group>"; };
		61CD55EF29C35D9600DB6000 /* CollisionMask.swift */ = {isa = PBXFileReference; lastKnownFileType = sourcecode.swift; path = CollisionMask.swift; sourceTree = "<group>"; };
		61CD55F129C35DA700DB6000 /* ContactTestMask.swift */ = {isa = PBXFileReference; lastKnownFileType = sourcecode.swift; path = ContactTestMask.swift; sourceTree = "<group>"; };
		61FC030E29CC3AE100CE2CE5 /* CGPath+Dimensions.swift */ = {isa = PBXFileReference; lastKnownFileType = sourcecode.swift; path = "CGPath+Dimensions.swift"; sourceTree = "<group>"; };
		61FC031029CC483400CE2CE5 /* CGPath+Rotate.swift */ = {isa = PBXFileReference; lastKnownFileType = sourcecode.swift; path = "CGPath+Rotate.swift"; sourceTree = "<group>"; };
		61FC031229CCBDE300CE2CE5 /* PathViewShape.swift */ = {isa = PBXFileReference; lastKnownFileType = sourcecode.swift; path = PathViewShape.swift; sourceTree = "<group>"; };
		61FC031429CCBFB100CE2CE5 /* CGPoint+Arithmetic.swift */ = {isa = PBXFileReference; lastKnownFileType = sourcecode.swift; path = "CGPoint+Arithmetic.swift"; sourceTree = "<group>"; };
		61FC031629CD498400CE2CE5 /* Shape+Fill.swift */ = {isa = PBXFileReference; lastKnownFileType = sourcecode.swift; path = "Shape+Fill.swift"; sourceTree = "<group>"; };
/* End PBXFileReference section */

/* Begin PBXFrameworksBuildPhase section */
		146E2DAD29C0D07200BFC757 /* Frameworks */ = {
			isa = PBXFrameworksBuildPhase;
			buildActionMask = 2147483647;
			files = (
			);
			runOnlyForDeploymentPostprocessing = 0;
		};
		146E2DBD29C0D07300BFC757 /* Frameworks */ = {
			isa = PBXFrameworksBuildPhase;
			buildActionMask = 2147483647;
			files = (
			);
			runOnlyForDeploymentPostprocessing = 0;
		};
		146E2DC729C0D07300BFC757 /* Frameworks */ = {
			isa = PBXFrameworksBuildPhase;
			buildActionMask = 2147483647;
			files = (
			);
			runOnlyForDeploymentPostprocessing = 0;
		};
/* End PBXFrameworksBuildPhase section */

/* Begin PBXGroup section */
		124B02CB29C41F6400094CF5 /* GameObject */ = {
			isa = PBXGroup;
			children = (
				124B02CC29C41F7100094CF5 /* GameObject.swift */,
				124B02CE29C41FD000094CF5 /* GameObjectBlock.swift */,
				124B02D229C4204300094CF5 /* GameObjectPlatform.swift */,
				124B02D429C55F8C00094CF5 /* Level.swift */,
			);
			path = GameObject;
			sourceTree = "<group>";
		};
		124B02DA29C74B9700094CF5 /* GameObject */ = {
			isa = PBXGroup;
			children = (
				124B02DD29C74D8800094CF5 /* GameObjectBlockTests.swift */,
				124B02DF29C74F3900094CF5 /* GameObjectPlatformTests.swift */,
				124B02E129C754F400094CF5 /* LevelTests.swift */,
			);
			path = GameObject;
			sourceTree = "<group>";
		};
		124B02E429C9DA8E00094CF5 /* EventManager */ = {
			isa = PBXGroup;
			children = (
				124B02E929C9DB5C00094CF5 /* Events */,
				124B02F229C9ED6A00094CF5 /* NotificationCenterFacade.swift */,
				124B02F629C9F54B00094CF5 /* NotificationName.swift */,
				124B02F429C9F10300094CF5 /* TumblingTowersNotification.swift */,
				124B02E529C9DAA200094CF5 /* EventManager.swift */,
				124B02E729C9DABA00094CF5 /* TumblingTowersEventManager.swift */,
				124B02EA29C9DB8300094CF5 /* Event.swift */,
				124B02F029C9ED4100094CF5 /* TumblingTowersEvent.swift */,
				124B02EC29C9ED0000094CF5 /* EventIdentifier.swift */,
				124B02EE29C9ED1800094CF5 /* TumblingTowersEventIdentifier.swift */,
			);
			path = EventManager;
			sourceTree = "<group>";
		};
		124B02E929C9DB5C00094CF5 /* Events */ = {
			isa = PBXGroup;
			children = (
				61AE15B229D16DD500D04E95 /* BlockPlacedEvent.swift */,
				14168DE329D8B6EA00EF5C22 /* BlockInsertedEvent.swift */,
				61A10F1B29D2EB4B000EB4B4 /* BlockTouchedPowerupLineEvent.swift */,
				61A10F4029D31083000EB4B4 /* VinePowerupActivatedEvent.swift */,
				61A10F4229D310CA000EB4B4 /* PlatformPowerupActivatedEvent.swift */,
				1421B0CF29D424A70002E4AA /* BlockDroppedEvent.swift */,
			);
			path = Events;
			sourceTree = "<group>";
		};
		1421B0CA29D41C1B0002E4AA /* GameMode */ = {
			isa = PBXGroup;
			children = (
				1421B0CB29D41C530002E4AA /* GameMode.swift */,
				1421B0CD29D41F740002E4AA /* SurvivalGameMode.swift */,
				1421B0D129D435950002E4AA /* RaceTimeGameMode.swift */,
				14168DE129D831F500EF5C22 /* GameTimer.swift */,
			);
			path = GameMode;
			sourceTree = "<group>";
		};
		1445F84829C71DB500F94751 /* Input */ = {
			isa = PBXGroup;
			children = (
				1445F84929C71DC900F94751 /* TapInputTests.swift */,
			);
			path = Input;
			sourceTree = "<group>";
		};
		146E2DA729C0D07200BFC757 = {
			isa = PBXGroup;
			children = (
				146E2DB229C0D07200BFC757 /* TumblingTowersGame */,
				146E2DC329C0D07300BFC757 /* TumblingTowersGameTests */,
				146E2DCD29C0D07300BFC757 /* TumblingTowersGameUITests */,
				146E2DB129C0D07200BFC757 /* Products */,
			);
			sourceTree = "<group>";
		};
		146E2DB129C0D07200BFC757 /* Products */ = {
			isa = PBXGroup;
			children = (
				146E2DB029C0D07200BFC757 /* TumblingTowersGame.app */,
				146E2DC029C0D07300BFC757 /* TumblingTowersGameTests.xctest */,
				146E2DCA29C0D07300BFC757 /* TumblingTowersGameUITests.xctest */,
			);
			name = Products;
			sourceTree = "<group>";
		};
		146E2DB229C0D07200BFC757 /* TumblingTowersGame */ = {
			isa = PBXGroup;
			children = (
				61A10F1D29D30BC8000EB4B4 /* PowerupManager */,
				146E2DB729C0D07300BFC757 /* Assets.xcassets */,
				2F7E13A429C0F044000E6FA9 /* DataStructures */,
				124B02E429C9DA8E00094CF5 /* EventManager */,
				146E2E1329C0E32500BFC757 /* Extensions */,
				1421B0CA29D41C1B0002E4AA /* GameMode */,
				14C53B2729C5EB5F0035EC17 /* GameUpdater */,
				146E2DE029C0D0CC00BFC757 /* Input */,
				146E2DDD29C0D0AF00BFC757 /* Models */,
				146E2DB929C0D07300BFC757 /* Preview Content */,
				146E2DB329C0D07200BFC757 /* TumblingTowersGameApp.swift */,
				146E2DDE29C0D0B500BFC757 /* ViewModels */,
				146E2DDF29C0D0BB00BFC757 /* Views */,
				14DAFDF529CE312D003BE140 /* Sound */,
			);
			path = TumblingTowersGame;
			sourceTree = "<group>";
		};
		146E2DB929C0D07300BFC757 /* Preview Content */ = {
			isa = PBXGroup;
			children = (
				146E2DBA29C0D07300BFC757 /* Preview Assets.xcassets */,
			);
			path = "Preview Content";
			sourceTree = "<group>";
		};
		146E2DC329C0D07300BFC757 /* TumblingTowersGameTests */ = {
			isa = PBXGroup;
			children = (
				61A10F2929D30CDD000EB4B4 /* DataStructures */,
				124B02DA29C74B9700094CF5 /* GameObject */,
				1445F84829C71DB500F94751 /* Input */,
				2FA2AC0129C74528001C5B7C /* GameEngine */,
				619D449E29C62FCF00EE00CE /* FiziksEngine */,
				146E2DC429C0D07300BFC757 /* TumblingTowersGameTests.swift */,
				2FC7FACB29C50B4500B56850 /* ShapeRandomizerTests.swift */,
				124B02DB29C74C1400094CF5 /* ViewImageManagerTests.swift */,
			);
			path = TumblingTowersGameTests;
			sourceTree = "<group>";
		};
		146E2DCD29C0D07300BFC757 /* TumblingTowersGameUITests */ = {
			isa = PBXGroup;
			children = (
				146E2DCE29C0D07300BFC757 /* TumblingTowersGameUITests.swift */,
				146E2DD029C0D07300BFC757 /* TumblingTowersGameUITestsLaunchTests.swift */,
			);
			path = TumblingTowersGameUITests;
			sourceTree = "<group>";
		};
		146E2DDD29C0D0AF00BFC757 /* Models */ = {
			isa = PBXGroup;
			children = (
				124B02CB29C41F6400094CF5 /* GameObject */,
				2F7E13A829C0F5E5000E6FA9 /* GameEngine */,
				146E2E0429C0E2D800BFC757 /* FiziksEngine */,
				146E2DEE29C0D62F00BFC757 /* Point.swift */,
				146E2DED29C0D62F00BFC757 /* Vector.swift */,
				14C6732129D368C900D8DF78 /* Constants.swift */,
			);
			path = Models;
			sourceTree = "<group>";
		};
		146E2DDE29C0D0B500BFC757 /* ViewModels */ = {
			isa = PBXGroup;
			children = (
				146E2DE129C0D61A00BFC757 /* GameEngineManager.swift */,
				146E2DE229C0D61A00BFC757 /* GameRendererDelegate.swift */,
				146E2DE329C0D61A00BFC757 /* MainGameManager.swift */,
				124B02C829C4171400094CF5 /* ViewImageManager.swift */,
				14C6732A29D370AE00D8DF78 /* SettingsManager.swift */,
			);
			path = ViewModels;
			sourceTree = "<group>";
		};
		146E2DDF29C0D0BB00BFC757 /* Views */ = {
			isa = PBXGroup;
			children = (
				14C6732529D36CFE00D8DF78 /* CustomViewModifiers */,
				124B02C029C415CC00094CF5 /* BlockView.swift */,
				124B02D829C568FE00094CF5 /* BackgroundView.swift */,
				146E2DB529C0D07200BFC757 /* ContentView.swift */,
				146E2E1829C0E5B400BFC757 /* GameplayLevelView.swift */,
				124B02D629C567F600094CF5 /* LevelView.swift */,
				124B02C229C415DC00094CF5 /* PlatformView.swift */,
				61AE15B429D1786700D04E95 /* PowerupLineView.swift */,
				61FC031229CCBDE300CE2CE5 /* PathViewShape.swift */,
				14C6731F29D366D300D8DF78 /* MainMenuView.swift */,
				14C6732329D36AB100D8DF78 /* GameModeSelectView.swift */,
				14C6732829D36F4D00D8DF78 /* SettingsView.swift */,
				14168DDD29D82AC200EF5C22 /* GameEndView.swift */,
				14168DDF29D82C6F00EF5C22 /* GameplayGoBackMenuView.swift */,
			);
			path = Views;
			sourceTree = "<group>";
		};
		146E2DE029C0D0CC00BFC757 /* Input */ = {
			isa = PBXGroup;
			children = (
				146E2DE929C0D62800BFC757 /* GyroInput.swift */,
				146E2DE729C0D62800BFC757 /* InputSystem.swift */,
				146E2DE829C0D62800BFC757 /* TapInput.swift */,
			);
			path = Input;
			sourceTree = "<group>";
		};
		146E2E0429C0E2D800BFC757 /* FiziksEngine */ = {
			isa = PBXGroup;
			children = (
				2F469D5229D2AB1500C4152E /* FiziksContact */,
				61CD55EB29C35D3900DB6000 /* FiziksBody */,
				61CD55E929C35D2C00DB6000 /* FiziksConstants.swift */,
				61CD55E529C35CDB00DB6000 /* FiziksEngine.swift */,
				146E2E0729C0E2FE00BFC757 /* GameFiziksEngine.swift */,
				2F469D5729D2AB2700C4152E /* FiziksScene.swift */,
				2F469D5929D2AB3300C4152E /* FiziksShapeNode.swift */,
			);
			path = FiziksEngine;
			sourceTree = "<group>";
		};
		146E2E1329C0E32500BFC757 /* Extensions */ = {
			isa = PBXGroup;
			children = (
				2F469D5029D2AA3200C4152E /* CGPath+Create.swift */,
				146E2E1529C0E33900BFC757 /* CGPoint+Hashable.swift */,
				2FC7FADD29C510F200B56850 /* CGPoint+arithmeticMean.swift */,
				61FC030E29CC3AE100CE2CE5 /* CGPath+Dimensions.swift */,
				61FC031029CC483400CE2CE5 /* CGPath+Rotate.swift */,
				61FC031429CCBFB100CE2CE5 /* CGPoint+Arithmetic.swift */,
				61FC031629CD498400CE2CE5 /* Shape+Fill.swift */,
				614B458729D3EB9100BDD2F0 /* CGVector+Multiply.swift */,
			);
			path = Extensions;
			sourceTree = "<group>";
		};
		14C53B2729C5EB5F0035EC17 /* GameUpdater */ = {
			isa = PBXGroup;
			children = (
				14C53B2529C5E9D10035EC17 /* GameUpdater.swift */,
			);
			path = GameUpdater;
			sourceTree = "<group>";
		};
		14C6732529D36CFE00D8DF78 /* CustomViewModifiers */ = {
			isa = PBXGroup;
			children = (
				14C6732629D36D4900D8DF78 /* MenuButtonText.swift */,
				14C6732C29D3712A00D8DF78 /* CategoryText.swift */,
				14C6732E29D371D700D8DF78 /* BodyText.swift */,
			);
			path = CustomViewModifiers;
			sourceTree = "<group>";
		};
		14DAFDF529CE312D003BE140 /* Sound */ = {
			isa = PBXGroup;
			children = (
				14C6733429D3737200D8DF78 /* bkgMusic.mp3 */,
				14DAFDF629CE3146003BE140 /* SoundSystem.swift */,
			);
			path = Sound;
			sourceTree = "<group>";
		};
		2F469D5229D2AB1500C4152E /* FiziksContact */ = {
			isa = PBXGroup;
			children = (
				2F469D5329D2AB1500C4152E /* FiziksContact.swift */,
				2F469D5429D2AB1500C4152E /* FiziksContactDelegate.swift */,
			);
			path = FiziksContact;
			sourceTree = "<group>";
		};
		2F7E13A429C0F044000E6FA9 /* DataStructures */ = {
			isa = PBXGroup;
			children = (
				61A10F2229D30C74000EB4B4 /* Queue */,
				2F7E13A529C0F054000E6FA9 /* BiMap.swift */,
				61A10F2529D30CAB000EB4B4 /* LinkedList.swift */,
				61A10F2729D30CBB000EB4B4 /* LinkedListNode.swift */,
			);
			path = DataStructures;
			sourceTree = "<group>";
		};
		2F7E13A729C0F56F000E6FA9 /* GameEngineObject */ = {
			isa = PBXGroup;
			children = (
				619D44C129C6F39E00EE00CE /* ObjectShape */,
				146E2E0D29C0E30700BFC757 /* Block.swift */,
				146E2E0B29C0E30700BFC757 /* GameEngineObject.swift */,
				146E2E0C29C0E30700BFC757 /* Platform.swift */,
				61AE15B629D18B2D00D04E95 /* PowerupLine.swift */,
			);
			path = GameEngineObject;
			sourceTree = "<group>";
		};
		2F7E13A829C0F5E5000E6FA9 /* GameEngine */ = {
			isa = PBXGroup;
			children = (
				61CD55EC29C35D7A00DB6000 /* Collision */,
				2F7E13A729C0F56F000E6FA9 /* GameEngineObject */,
				2FA2AC0429C74541001C5B7C /* GameEngine.swift */,
				2FC7FAD129C50C2C00B56850 /* RandomNumberGeneratorWithSeed.swift */,
				2FC7FAD329C50C3C00B56850 /* ShapeRandomizer.swift */,
			);
			path = GameEngine;
			sourceTree = "<group>";
		};
		2FA2AC0129C74528001C5B7C /* GameEngine */ = {
			isa = PBXGroup;
			children = (
				2FA2AC0229C74528001C5B7C /* GameEngineTests.swift */,
			);
			path = GameEngine;
			sourceTree = "<group>";
		};
		619D449E29C62FCF00EE00CE /* FiziksEngine */ = {
			isa = PBXGroup;
			children = (
				619D44B129C6314900EE00CE /* Mocks */,
				619D449F29C62FFC00EE00CE /* FiziksContactTests.swift */,
				619D44B429C6972000EE00CE /* FiziksSceneTests.swift */,
				619D44B629C6986000EE00CE /* PathFiziksBodyTests.swift */,
				619D44BA29C69BAA00EE00CE /* GameFiziksEngineTests.swift */,
			);
			path = FiziksEngine;
			sourceTree = "<group>";
		};
		619D44B129C6314900EE00CE /* Mocks */ = {
			isa = PBXGroup;
			children = (
				619D44AF29C6312100EE00CE /* MockFiziksBody.swift */,
				2F469D5B29D2ABD900C4152E /* MockFIziksSceneUpdateDelegate.swift */,
				619D44BC29C69CE500EE00CE /* MockFiziksContactDelegate.swift */,
			);
			path = Mocks;
			sourceTree = "<group>";
		};
		619D44C129C6F39E00EE00CE /* ObjectShape */ = {
			isa = PBXGroup;
			children = (
				146E2DFD29C0E05A00BFC757 /* TetrisShape.swift */,
				619D44BF29C6F35300EE00CE /* ObjectShape.swift */,
				619D44C229C6F3AE00EE00CE /* PathObjectShape.swift */,
				619D44C429C70EFA00EE00CE /* PlatformShape.swift */,
				61AE15B829D18BB400D04E95 /* PowerupLineShape.swift */,
			);
			path = ObjectShape;
			sourceTree = "<group>";
		};
		61A10F1D29D30BC8000EB4B4 /* PowerupManager */ = {
			isa = PBXGroup;
			children = (
				61A10F3E29D30FB0000EB4B4 /* GamePowerupManager.swift */,
				61A10F3929D30E92000EB4B4 /* Powerups */,
				61A10F1E29D30BED000EB4B4 /* PowerupManager.swift */,
				61A10F2029D30C02000EB4B4 /* Powerup.swift */,
				61A10F3729D30DCA000EB4B4 /* PowerupDelegate.swift */,
				61A10F4429D31357000EB4B4 /* PowerupFactory.swift */,
				61A10F4629D31384000EB4B4 /* PowerupType.swift */,
			);
			path = PowerupManager;
			sourceTree = "<group>";
		};
		61A10F2229D30C74000EB4B4 /* Queue */ = {
			isa = PBXGroup;
			children = (
				61A10F2329D30C7F000EB4B4 /* Queue.swift */,
			);
			path = Queue;
			sourceTree = "<group>";
		};
		61A10F2929D30CDD000EB4B4 /* DataStructures */ = {
			isa = PBXGroup;
			children = (
				2FBBD79D29C6C1C100C30582 /* BiMapTests.swift */,
				61A10F2A29D30CF0000EB4B4 /* QueueTests.swift */,
				61A10F3329D30D0C000EB4B4 /* LinkedListTests.swift */,
				61A10F3529D30D1C000EB4B4 /* LinkedListNodeTests.swift */,
			);
			path = DataStructures;
			sourceTree = "<group>";
		};
		61A10F3929D30E92000EB4B4 /* Powerups */ = {
			isa = PBXGroup;
			children = (
				61A10F3A29D30E9E000EB4B4 /* VinePowerup.swift */,
				61A10F3C29D30F93000EB4B4 /* PlatformPowerup.swift */,
			);
			path = Powerups;
			sourceTree = "<group>";
		};
		61CD55EB29C35D3900DB6000 /* FiziksBody */ = {
			isa = PBXGroup;
			children = (
				146E2E0529C0E2FE00BFC757 /* FiziksBody.swift */,
				61CD55E729C35D1E00DB6000 /* PathFiziksBody.swift */,
			);
			path = FiziksBody;
			sourceTree = "<group>";
		};
		61CD55EC29C35D7A00DB6000 /* Collision */ = {
			isa = PBXGroup;
			children = (
				61CD55ED29C35D8A00DB6000 /* CategoryMask.swift */,
				61CD55EF29C35D9600DB6000 /* CollisionMask.swift */,
				61CD55F129C35DA700DB6000 /* ContactTestMask.swift */,
			);
			path = Collision;
			sourceTree = "<group>";
		};
/* End PBXGroup section */

/* Begin PBXNativeTarget section */
		146E2DAF29C0D07200BFC757 /* TumblingTowersGame */ = {
			isa = PBXNativeTarget;
			buildConfigurationList = 146E2DD429C0D07300BFC757 /* Build configuration list for PBXNativeTarget "TumblingTowersGame" */;
			buildPhases = (
				146E2DAC29C0D07200BFC757 /* Sources */,
				146E2DAD29C0D07200BFC757 /* Frameworks */,
				146E2DAE29C0D07200BFC757 /* Resources */,
				124B02CA29C4184D00094CF5 /* ShellScript */,
			);
			buildRules = (
			);
			dependencies = (
			);
			name = TumblingTowersGame;
			productName = TumblingTowersGame;
			productReference = 146E2DB029C0D07200BFC757 /* TumblingTowersGame.app */;
			productType = "com.apple.product-type.application";
		};
		146E2DBF29C0D07300BFC757 /* TumblingTowersGameTests */ = {
			isa = PBXNativeTarget;
			buildConfigurationList = 146E2DD729C0D07300BFC757 /* Build configuration list for PBXNativeTarget "TumblingTowersGameTests" */;
			buildPhases = (
				146E2DBC29C0D07300BFC757 /* Sources */,
				146E2DBD29C0D07300BFC757 /* Frameworks */,
				146E2DBE29C0D07300BFC757 /* Resources */,
			);
			buildRules = (
			);
			dependencies = (
				146E2DC229C0D07300BFC757 /* PBXTargetDependency */,
			);
			name = TumblingTowersGameTests;
			productName = TumblingTowersGameTests;
			productReference = 146E2DC029C0D07300BFC757 /* TumblingTowersGameTests.xctest */;
			productType = "com.apple.product-type.bundle.unit-test";
		};
		146E2DC929C0D07300BFC757 /* TumblingTowersGameUITests */ = {
			isa = PBXNativeTarget;
			buildConfigurationList = 146E2DDA29C0D07300BFC757 /* Build configuration list for PBXNativeTarget "TumblingTowersGameUITests" */;
			buildPhases = (
				146E2DC629C0D07300BFC757 /* Sources */,
				146E2DC729C0D07300BFC757 /* Frameworks */,
				146E2DC829C0D07300BFC757 /* Resources */,
			);
			buildRules = (
			);
			dependencies = (
				146E2DCC29C0D07300BFC757 /* PBXTargetDependency */,
			);
			name = TumblingTowersGameUITests;
			productName = TumblingTowersGameUITests;
			productReference = 146E2DCA29C0D07300BFC757 /* TumblingTowersGameUITests.xctest */;
			productType = "com.apple.product-type.bundle.ui-testing";
		};
/* End PBXNativeTarget section */

/* Begin PBXProject section */
		146E2DA829C0D07200BFC757 /* Project object */ = {
			isa = PBXProject;
			attributes = {
				BuildIndependentTargetsInParallel = 1;
				LastSwiftUpdateCheck = 1420;
				LastUpgradeCheck = 1420;
				TargetAttributes = {
					146E2DAF29C0D07200BFC757 = {
						CreatedOnToolsVersion = 14.2;
					};
					146E2DBF29C0D07300BFC757 = {
						CreatedOnToolsVersion = 14.2;
						TestTargetID = 146E2DAF29C0D07200BFC757;
					};
					146E2DC929C0D07300BFC757 = {
						CreatedOnToolsVersion = 14.2;
						TestTargetID = 146E2DAF29C0D07200BFC757;
					};
				};
			};
			buildConfigurationList = 146E2DAB29C0D07200BFC757 /* Build configuration list for PBXProject "TumblingTowersGame" */;
			compatibilityVersion = "Xcode 14.0";
			developmentRegion = en;
			hasScannedForEncodings = 0;
			knownRegions = (
				en,
				Base,
			);
			mainGroup = 146E2DA729C0D07200BFC757;
			productRefGroup = 146E2DB129C0D07200BFC757 /* Products */;
			projectDirPath = "";
			projectRoot = "";
			targets = (
				146E2DAF29C0D07200BFC757 /* TumblingTowersGame */,
				146E2DBF29C0D07300BFC757 /* TumblingTowersGameTests */,
				146E2DC929C0D07300BFC757 /* TumblingTowersGameUITests */,
			);
		};
/* End PBXProject section */

/* Begin PBXResourcesBuildPhase section */
		146E2DAE29C0D07200BFC757 /* Resources */ = {
			isa = PBXResourcesBuildPhase;
			buildActionMask = 2147483647;
			files = (
				146E2DBB29C0D07300BFC757 /* Preview Assets.xcassets in Resources */,
				146E2DB829C0D07300BFC757 /* Assets.xcassets in Resources */,
				14C6733529D3737200D8DF78 /* bkgMusic.mp3 in Resources */,
			);
			runOnlyForDeploymentPostprocessing = 0;
		};
		146E2DBE29C0D07300BFC757 /* Resources */ = {
			isa = PBXResourcesBuildPhase;
			buildActionMask = 2147483647;
			files = (
			);
			runOnlyForDeploymentPostprocessing = 0;
		};
		146E2DC829C0D07300BFC757 /* Resources */ = {
			isa = PBXResourcesBuildPhase;
			buildActionMask = 2147483647;
			files = (
			);
			runOnlyForDeploymentPostprocessing = 0;
		};
/* End PBXResourcesBuildPhase section */

/* Begin PBXShellScriptBuildPhase section */
		124B02CA29C4184D00094CF5 /* ShellScript */ = {
			isa = PBXShellScriptBuildPhase;
			alwaysOutOfDate = 1;
			buildActionMask = 2147483647;
			files = (
			);
			inputFileListPaths = (
			);
			inputPaths = (
			);
			outputFileListPaths = (
			);
			outputPaths = (
			);
			runOnlyForDeploymentPostprocessing = 0;
			shellPath = /bin/sh;
			shellScript = "# Type a script or drag a script file from your workspace to insert its path.\n\nexit 0 \n\nif test -d \"/opt/homebrew/bin/\"; then\n  PATH=\"/opt/homebrew/bin/:${PATH}\"\nfi\n\nexport PATH\n\nif which swiftlint >/dev/null; then\n  swiftlint --fix && swiftlint\nelse\n  echo \"warning: SwiftLint not installed, download from https://github.com/realm/SwiftLint\"\nfi\n";
		};
/* End PBXShellScriptBuildPhase section */

/* Begin PBXSourcesBuildPhase section */
		146E2DAC29C0D07200BFC757 /* Sources */ = {
			isa = PBXSourcesBuildPhase;
			buildActionMask = 2147483647;
			files = (
				14C6732B29D370AE00D8DF78 /* SettingsManager.swift in Sources */,
				124B02E829C9DABA00094CF5 /* TumblingTowersEventManager.swift in Sources */,
				146E2DB629C0D07200BFC757 /* ContentView.swift in Sources */,
				14C6732429D36AB100D8DF78 /* GameModeSelectView.swift in Sources */,
				1421B0CC29D41C530002E4AA /* GameMode.swift in Sources */,
				146E2DEA29C0D62800BFC757 /* InputSystem.swift in Sources */,
				61CD55E829C35D1E00DB6000 /* PathFiziksBody.swift in Sources */,
				14C6732929D36F4D00D8DF78 /* SettingsView.swift in Sources */,
				146E2E1929C0E5B400BFC757 /* GameplayLevelView.swift in Sources */,
				61A10F4129D31083000EB4B4 /* VinePowerupActivatedEvent.swift in Sources */,
				124B02E629C9DAA200094CF5 /* EventManager.swift in Sources */,
				146E2DE529C0D61A00BFC757 /* GameRendererDelegate.swift in Sources */,
				146E2E0E29C0E30700BFC757 /* GameEngineObject.swift in Sources */,
				61CD55F029C35D9600DB6000 /* CollisionMask.swift in Sources */,
				124B02D729C567F600094CF5 /* LevelView.swift in Sources */,
				61A10F1F29D30BED000EB4B4 /* PowerupManager.swift in Sources */,
				14C6732729D36D4900D8DF78 /* MenuButtonText.swift in Sources */,
				2FA2AC0529C74541001C5B7C /* GameEngine.swift in Sources */,
				2FC7FAD429C50C3C00B56850 /* ShapeRandomizer.swift in Sources */,
				124B02D529C55F8C00094CF5 /* Level.swift in Sources */,
				61A10F4729D31384000EB4B4 /* PowerupType.swift in Sources */,
				124B02EF29C9ED1800094CF5 /* TumblingTowersEventIdentifier.swift in Sources */,
				61CD55EA29C35D2C00DB6000 /* FiziksConstants.swift in Sources */,
				124B02C329C415DC00094CF5 /* PlatformView.swift in Sources */,
				146E2DEC29C0D62800BFC757 /* GyroInput.swift in Sources */,
				146E2DEB29C0D62800BFC757 /* TapInput.swift in Sources */,
				1421B0D229D435950002E4AA /* RaceTimeGameMode.swift in Sources */,
				61A10F3B29D30E9E000EB4B4 /* VinePowerup.swift in Sources */,
				146E2DB429C0D07200BFC757 /* TumblingTowersGameApp.swift in Sources */,
				2FC7FAD229C50C2C00B56850 /* RandomNumberGeneratorWithSeed.swift in Sources */,
				61FC030F29CC3AE100CE2CE5 /* CGPath+Dimensions.swift in Sources */,
				61A10F2429D30C7F000EB4B4 /* Queue.swift in Sources */,
				124B02ED29C9ED0000094CF5 /* EventIdentifier.swift in Sources */,
				14168DE029D82C6F00EF5C22 /* GameplayGoBackMenuView.swift in Sources */,
				61CD55E629C35CDB00DB6000 /* FiziksEngine.swift in Sources */,
				14168DDE29D82AC200EF5C22 /* GameEndView.swift in Sources */,
				61A10F4529D31357000EB4B4 /* PowerupFactory.swift in Sources */,
				1421B0CE29D41F740002E4AA /* SurvivalGameMode.swift in Sources */,
				2FC7FADE29C510F200B56850 /* CGPoint+arithmeticMean.swift in Sources */,
				14168DE229D831F500EF5C22 /* GameTimer.swift in Sources */,
				124B02D329C4204300094CF5 /* GameObjectPlatform.swift in Sources */,
				61FC031729CD498400CE2CE5 /* Shape+Fill.swift in Sources */,
				14C6732F29D371D700D8DF78 /* BodyText.swift in Sources */,
				61FC031129CC483400CE2CE5 /* CGPath+Rotate.swift in Sources */,
				61A10F2829D30CBB000EB4B4 /* LinkedListNode.swift in Sources */,
				61AE15B329D16DD500D04E95 /* BlockPlacedEvent.swift in Sources */,
				61FC031529CCBFB100CE2CE5 /* CGPoint+Arithmetic.swift in Sources */,
				61FC031329CCBDE300CE2CE5 /* PathViewShape.swift in Sources */,
				124B02EB29C9DB8300094CF5 /* Event.swift in Sources */,
				619D44C529C70EFA00EE00CE /* PlatformShape.swift in Sources */,
				146E2E0A29C0E2FE00BFC757 /* GameFiziksEngine.swift in Sources */,
				124B02C929C4171400094CF5 /* ViewImageManager.swift in Sources */,
				2F469D5829D2AB2700C4152E /* FiziksScene.swift in Sources */,
				124B02C129C415CC00094CF5 /* BlockView.swift in Sources */,
				61AE15B929D18BB400D04E95 /* PowerupLineShape.swift in Sources */,
				1421B0D029D424A70002E4AA /* BlockDroppedEvent.swift in Sources */,
				61A10F2129D30C02000EB4B4 /* Powerup.swift in Sources */,
				2F469D5629D2AB1500C4152E /* FiziksContactDelegate.swift in Sources */,
				146E2E0F29C0E30700BFC757 /* Platform.swift in Sources */,
				61AE15B729D18B2D00D04E95 /* PowerupLine.swift in Sources */,
				61A10F3F29D30FB0000EB4B4 /* GamePowerupManager.swift in Sources */,
				61A10F3D29D30F93000EB4B4 /* PlatformPowerup.swift in Sources */,
				619D44C329C6F3AE00EE00CE /* PathObjectShape.swift in Sources */,
				124B02CF29C41FD000094CF5 /* GameObjectBlock.swift in Sources */,
				146E2DFE29C0E05A00BFC757 /* TetrisShape.swift in Sources */,
				146E2E0829C0E2FE00BFC757 /* FiziksBody.swift in Sources */,
				14DAFDF729CE3146003BE140 /* SoundSystem.swift in Sources */,
				61A10F1C29D2EB4B000EB4B4 /* BlockTouchedPowerupLineEvent.swift in Sources */,
				61A10F4329D310CA000EB4B4 /* PlatformPowerupActivatedEvent.swift in Sources */,
				61CD55EE29C35D8A00DB6000 /* CategoryMask.swift in Sources */,
				2F7E13A629C0F054000E6FA9 /* BiMap.swift in Sources */,
				14C6732D29D3712A00D8DF78 /* CategoryText.swift in Sources */,
				146E2E1729C0E33900BFC757 /* CGPoint+Hashable.swift in Sources */,
				146E2E1029C0E30700BFC757 /* Block.swift in Sources */,
				2F469D5129D2AA3200C4152E /* CGPath+Create.swift in Sources */,
				2F469D5529D2AB1500C4152E /* FiziksContact.swift in Sources */,
				124B02D929C568FE00094CF5 /* BackgroundView.swift in Sources */,
				61CD55F229C35DA700DB6000 /* ContactTestMask.swift in Sources */,
				14C6732229D368C900D8DF78 /* Constants.swift in Sources */,
				124B02CD29C41F7100094CF5 /* GameObject.swift in Sources */,
				146E2DF129C0D62F00BFC757 /* Point.swift in Sources */,
				146E2DE629C0D61A00BFC757 /* MainGameManager.swift in Sources */,
				146E2DF029C0D62F00BFC757 /* Vector.swift in Sources */,
				61A10F3829D30DCA000EB4B4 /* PowerupDelegate.swift in Sources */,
				14168DE429D8B6EA00EF5C22 /* BlockInsertedEvent.swift in Sources */,
				124B02F529C9F10300094CF5 /* TumblingTowersNotification.swift in Sources */,
				619D44C029C6F35300EE00CE /* ObjectShape.swift in Sources */,
				61A10F2629D30CAB000EB4B4 /* LinkedList.swift in Sources */,
				14C53B2629C5E9D10035EC17 /* GameUpdater.swift in Sources */,
				146E2DE429C0D61A00BFC757 /* GameEngineManager.swift in Sources */,
				14C6732029D366D300D8DF78 /* MainMenuView.swift in Sources */,
				614B458829D3EB9100BDD2F0 /* CGVector+Multiply.swift in Sources */,
				124B02F729C9F54B00094CF5 /* NotificationName.swift in Sources */,
				2F469D5A29D2AB3300C4152E /* FiziksShapeNode.swift in Sources */,
				124B02F129C9ED4100094CF5 /* TumblingTowersEvent.swift in Sources */,
				124B02F329C9ED6A00094CF5 /* NotificationCenterFacade.swift in Sources */,
				61AE15B529D1786700D04E95 /* PowerupLineView.swift in Sources */,
			);
			runOnlyForDeploymentPostprocessing = 0;
		};
		146E2DBC29C0D07300BFC757 /* Sources */ = {
			isa = PBXSourcesBuildPhase;
			buildActionMask = 2147483647;
			files = (
				619D44A429C630FD00EE00CE /* FiziksBody.swift in Sources */,
				619D44AE29C6310100EE00CE /* FiziksConstants.swift in Sources */,
				61A10F3029D30D03000EB4B4 /* LinkedList.swift in Sources */,
				619D44B729C6986000EE00CE /* PathFiziksBodyTests.swift in Sources */,
				2FC7FACC29C50B4500B56850 /* ShapeRandomizerTests.swift in Sources */,
				2FBBD79E29C6C1C100C30582 /* BiMapTests.swift in Sources */,
				619D44A529C630FD00EE00CE /* PathFiziksBody.swift in Sources */,
				619D44B929C699EA00EE00CE /* CategoryMask.swift in Sources */,
				619D44A029C62FFC00EE00CE /* FiziksContactTests.swift in Sources */,
				619D44BD29C69CE500EE00CE /* MockFiziksContactDelegate.swift in Sources */,
				124B02DE29C74D8800094CF5 /* GameObjectBlockTests.swift in Sources */,
				2FA2AC0329C74528001C5B7C /* GameEngineTests.swift in Sources */,
				619D44BB29C69BAA00EE00CE /* GameFiziksEngineTests.swift in Sources */,
				124B02DC29C74C1400094CF5 /* ViewImageManagerTests.swift in Sources */,
				124B02E229C754F400094CF5 /* LevelTests.swift in Sources */,
				619D44B529C6972000EE00CE /* FiziksSceneTests.swift in Sources */,
				61A10F2F29D30D03000EB4B4 /* BiMap.swift in Sources */,
				61A10F3129D30D03000EB4B4 /* Queue.swift in Sources */,
				61A10F3429D30D0C000EB4B4 /* LinkedListTests.swift in Sources */,
				61A10F3229D30D03000EB4B4 /* LinkedListNode.swift in Sources */,
				619D44B029C6312100EE00CE /* MockFiziksBody.swift in Sources */,
				619D44AB29C6310100EE00CE /* FiziksEngine.swift in Sources */,
				619D44AD29C6310100EE00CE /* GameFiziksEngine.swift in Sources */,
				61A10F2B29D30CF0000EB4B4 /* QueueTests.swift in Sources */,
				1445F84A29C71DC900F94751 /* TapInputTests.swift in Sources */,
				146E2DC529C0D07300BFC757 /* TumblingTowersGameTests.swift in Sources */,
				2F469D5C29D2ABD900C4152E /* MockFIziksSceneUpdateDelegate.swift in Sources */,
				124B02E029C74F3900094CF5 /* GameObjectPlatformTests.swift in Sources */,
				61A10F3629D30D1C000EB4B4 /* LinkedListNodeTests.swift in Sources */,
			);
			runOnlyForDeploymentPostprocessing = 0;
		};
		146E2DC629C0D07300BFC757 /* Sources */ = {
			isa = PBXSourcesBuildPhase;
			buildActionMask = 2147483647;
			files = (
				146E2DD129C0D07300BFC757 /* TumblingTowersGameUITestsLaunchTests.swift in Sources */,
				146E2DCF29C0D07300BFC757 /* TumblingTowersGameUITests.swift in Sources */,
			);
			runOnlyForDeploymentPostprocessing = 0;
		};
/* End PBXSourcesBuildPhase section */

/* Begin PBXTargetDependency section */
		146E2DC229C0D07300BFC757 /* PBXTargetDependency */ = {
			isa = PBXTargetDependency;
			target = 146E2DAF29C0D07200BFC757 /* TumblingTowersGame */;
			targetProxy = 146E2DC129C0D07300BFC757 /* PBXContainerItemProxy */;
		};
		146E2DCC29C0D07300BFC757 /* PBXTargetDependency */ = {
			isa = PBXTargetDependency;
			target = 146E2DAF29C0D07200BFC757 /* TumblingTowersGame */;
			targetProxy = 146E2DCB29C0D07300BFC757 /* PBXContainerItemProxy */;
		};
/* End PBXTargetDependency section */

/* Begin XCBuildConfiguration section */
		146E2DD229C0D07300BFC757 /* Debug */ = {
			isa = XCBuildConfiguration;
			buildSettings = {
				ALWAYS_SEARCH_USER_PATHS = NO;
				CLANG_ANALYZER_NONNULL = YES;
				CLANG_ANALYZER_NUMBER_OBJECT_CONVERSION = YES_AGGRESSIVE;
				CLANG_CXX_LANGUAGE_STANDARD = "gnu++20";
				CLANG_ENABLE_MODULES = YES;
				CLANG_ENABLE_OBJC_ARC = YES;
				CLANG_ENABLE_OBJC_WEAK = YES;
				CLANG_WARN_BLOCK_CAPTURE_AUTORELEASING = YES;
				CLANG_WARN_BOOL_CONVERSION = YES;
				CLANG_WARN_COMMA = YES;
				CLANG_WARN_CONSTANT_CONVERSION = YES;
				CLANG_WARN_DEPRECATED_OBJC_IMPLEMENTATIONS = YES;
				CLANG_WARN_DIRECT_OBJC_ISA_USAGE = YES_ERROR;
				CLANG_WARN_DOCUMENTATION_COMMENTS = YES;
				CLANG_WARN_EMPTY_BODY = YES;
				CLANG_WARN_ENUM_CONVERSION = YES;
				CLANG_WARN_INFINITE_RECURSION = YES;
				CLANG_WARN_INT_CONVERSION = YES;
				CLANG_WARN_NON_LITERAL_NULL_CONVERSION = YES;
				CLANG_WARN_OBJC_IMPLICIT_RETAIN_SELF = YES;
				CLANG_WARN_OBJC_LITERAL_CONVERSION = YES;
				CLANG_WARN_OBJC_ROOT_CLASS = YES_ERROR;
				CLANG_WARN_QUOTED_INCLUDE_IN_FRAMEWORK_HEADER = YES;
				CLANG_WARN_RANGE_LOOP_ANALYSIS = YES;
				CLANG_WARN_STRICT_PROTOTYPES = YES;
				CLANG_WARN_SUSPICIOUS_MOVE = YES;
				CLANG_WARN_UNGUARDED_AVAILABILITY = YES_AGGRESSIVE;
				CLANG_WARN_UNREACHABLE_CODE = YES;
				CLANG_WARN__DUPLICATE_METHOD_MATCH = YES;
				COPY_PHASE_STRIP = NO;
				DEBUG_INFORMATION_FORMAT = dwarf;
				ENABLE_STRICT_OBJC_MSGSEND = YES;
				ENABLE_TESTABILITY = YES;
				GCC_C_LANGUAGE_STANDARD = gnu11;
				GCC_DYNAMIC_NO_PIC = NO;
				GCC_NO_COMMON_BLOCKS = YES;
				GCC_OPTIMIZATION_LEVEL = 0;
				GCC_PREPROCESSOR_DEFINITIONS = (
					"DEBUG=1",
					"$(inherited)",
				);
				GCC_WARN_64_TO_32_BIT_CONVERSION = YES;
				GCC_WARN_ABOUT_RETURN_TYPE = YES_ERROR;
				GCC_WARN_UNDECLARED_SELECTOR = YES;
				GCC_WARN_UNINITIALIZED_AUTOS = YES_AGGRESSIVE;
				GCC_WARN_UNUSED_FUNCTION = YES;
				GCC_WARN_UNUSED_VARIABLE = YES;
				IPHONEOS_DEPLOYMENT_TARGET = 16.2;
				MTL_ENABLE_DEBUG_INFO = INCLUDE_SOURCE;
				MTL_FAST_MATH = YES;
				ONLY_ACTIVE_ARCH = YES;
				SDKROOT = iphoneos;
				SWIFT_ACTIVE_COMPILATION_CONDITIONS = DEBUG;
				SWIFT_OPTIMIZATION_LEVEL = "-Onone";
			};
			name = Debug;
		};
		146E2DD329C0D07300BFC757 /* Release */ = {
			isa = XCBuildConfiguration;
			buildSettings = {
				ALWAYS_SEARCH_USER_PATHS = NO;
				CLANG_ANALYZER_NONNULL = YES;
				CLANG_ANALYZER_NUMBER_OBJECT_CONVERSION = YES_AGGRESSIVE;
				CLANG_CXX_LANGUAGE_STANDARD = "gnu++20";
				CLANG_ENABLE_MODULES = YES;
				CLANG_ENABLE_OBJC_ARC = YES;
				CLANG_ENABLE_OBJC_WEAK = YES;
				CLANG_WARN_BLOCK_CAPTURE_AUTORELEASING = YES;
				CLANG_WARN_BOOL_CONVERSION = YES;
				CLANG_WARN_COMMA = YES;
				CLANG_WARN_CONSTANT_CONVERSION = YES;
				CLANG_WARN_DEPRECATED_OBJC_IMPLEMENTATIONS = YES;
				CLANG_WARN_DIRECT_OBJC_ISA_USAGE = YES_ERROR;
				CLANG_WARN_DOCUMENTATION_COMMENTS = YES;
				CLANG_WARN_EMPTY_BODY = YES;
				CLANG_WARN_ENUM_CONVERSION = YES;
				CLANG_WARN_INFINITE_RECURSION = YES;
				CLANG_WARN_INT_CONVERSION = YES;
				CLANG_WARN_NON_LITERAL_NULL_CONVERSION = YES;
				CLANG_WARN_OBJC_IMPLICIT_RETAIN_SELF = YES;
				CLANG_WARN_OBJC_LITERAL_CONVERSION = YES;
				CLANG_WARN_OBJC_ROOT_CLASS = YES_ERROR;
				CLANG_WARN_QUOTED_INCLUDE_IN_FRAMEWORK_HEADER = YES;
				CLANG_WARN_RANGE_LOOP_ANALYSIS = YES;
				CLANG_WARN_STRICT_PROTOTYPES = YES;
				CLANG_WARN_SUSPICIOUS_MOVE = YES;
				CLANG_WARN_UNGUARDED_AVAILABILITY = YES_AGGRESSIVE;
				CLANG_WARN_UNREACHABLE_CODE = YES;
				CLANG_WARN__DUPLICATE_METHOD_MATCH = YES;
				COPY_PHASE_STRIP = NO;
				DEBUG_INFORMATION_FORMAT = "dwarf-with-dsym";
				ENABLE_NS_ASSERTIONS = NO;
				ENABLE_STRICT_OBJC_MSGSEND = YES;
				GCC_C_LANGUAGE_STANDARD = gnu11;
				GCC_NO_COMMON_BLOCKS = YES;
				GCC_WARN_64_TO_32_BIT_CONVERSION = YES;
				GCC_WARN_ABOUT_RETURN_TYPE = YES_ERROR;
				GCC_WARN_UNDECLARED_SELECTOR = YES;
				GCC_WARN_UNINITIALIZED_AUTOS = YES_AGGRESSIVE;
				GCC_WARN_UNUSED_FUNCTION = YES;
				GCC_WARN_UNUSED_VARIABLE = YES;
				IPHONEOS_DEPLOYMENT_TARGET = 16.2;
				MTL_ENABLE_DEBUG_INFO = NO;
				MTL_FAST_MATH = YES;
				SDKROOT = iphoneos;
				SWIFT_COMPILATION_MODE = wholemodule;
				SWIFT_OPTIMIZATION_LEVEL = "-O";
				VALIDATE_PRODUCT = YES;
			};
			name = Release;
		};
		146E2DD529C0D07300BFC757 /* Debug */ = {
			isa = XCBuildConfiguration;
			buildSettings = {
				ASSETCATALOG_COMPILER_APPICON_NAME = AppIcon;
				ASSETCATALOG_COMPILER_GLOBAL_ACCENT_COLOR_NAME = AccentColor;
				CODE_SIGN_STYLE = Automatic;
				CURRENT_PROJECT_VERSION = 1;
				DEVELOPMENT_ASSET_PATHS = "\"TumblingTowersGame/Preview Content\"";
				DEVELOPMENT_TEAM = T95PZMKKDH;
				ENABLE_PREVIEWS = YES;
				GENERATE_INFOPLIST_FILE = YES;
				INFOPLIST_KEY_UIApplicationSceneManifest_Generation = YES;
				INFOPLIST_KEY_UIApplicationSupportsIndirectInputEvents = YES;
				INFOPLIST_KEY_UILaunchScreen_Generation = YES;
				INFOPLIST_KEY_UISupportedInterfaceOrientations = UIInterfaceOrientationPortrait;
				IPHONEOS_DEPLOYMENT_TARGET = 15.5;
				LD_RUNPATH_SEARCH_PATHS = (
					"$(inherited)",
					"@executable_path/Frameworks",
				);
				MARKETING_VERSION = 1.0;
				PRODUCT_BUNDLE_IDENTIFIER = com.taubar.TumblingTowersGame;
				PRODUCT_NAME = "$(TARGET_NAME)";
				SWIFT_EMIT_LOC_STRINGS = YES;
				SWIFT_VERSION = 5.0;
				TARGETED_DEVICE_FAMILY = "1,2";
			};
			name = Debug;
		};
		146E2DD629C0D07300BFC757 /* Release */ = {
			isa = XCBuildConfiguration;
			buildSettings = {
				ASSETCATALOG_COMPILER_APPICON_NAME = AppIcon;
				ASSETCATALOG_COMPILER_GLOBAL_ACCENT_COLOR_NAME = AccentColor;
				CODE_SIGN_STYLE = Automatic;
				CURRENT_PROJECT_VERSION = 1;
				DEVELOPMENT_ASSET_PATHS = "\"TumblingTowersGame/Preview Content\"";
				DEVELOPMENT_TEAM = T95PZMKKDH;
				ENABLE_PREVIEWS = YES;
				GENERATE_INFOPLIST_FILE = YES;
				INFOPLIST_KEY_UIApplicationSceneManifest_Generation = YES;
				INFOPLIST_KEY_UIApplicationSupportsIndirectInputEvents = YES;
				INFOPLIST_KEY_UILaunchScreen_Generation = YES;
				INFOPLIST_KEY_UISupportedInterfaceOrientations = UIInterfaceOrientationPortrait;
				IPHONEOS_DEPLOYMENT_TARGET = 15.5;
				LD_RUNPATH_SEARCH_PATHS = (
					"$(inherited)",
					"@executable_path/Frameworks",
				);
				MARKETING_VERSION = 1.0;
				PRODUCT_BUNDLE_IDENTIFIER = com.taubar.TumblingTowersGame;
				PRODUCT_NAME = "$(TARGET_NAME)";
				SWIFT_EMIT_LOC_STRINGS = YES;
				SWIFT_VERSION = 5.0;
				TARGETED_DEVICE_FAMILY = "1,2";
			};
			name = Release;
		};
		146E2DD829C0D07300BFC757 /* Debug */ = {
			isa = XCBuildConfiguration;
			buildSettings = {
				ALWAYS_EMBED_SWIFT_STANDARD_LIBRARIES = YES;
				BUNDLE_LOADER = "$(TEST_HOST)";
				"CODE_SIGN_IDENTITY[sdk=macosx*]" = "Apple Development";
				CODE_SIGN_STYLE = Automatic;
				CURRENT_PROJECT_VERSION = 1;
				DEVELOPMENT_TEAM = T95PZMKKDH;
				GENERATE_INFOPLIST_FILE = YES;
				IPHONEOS_DEPLOYMENT_TARGET = 15.5;
				MARKETING_VERSION = 1.0;
				PRODUCT_BUNDLE_IDENTIFIER = com.taubar.TumblingTowersGameTests;
				PRODUCT_NAME = "$(TARGET_NAME)";
				SWIFT_EMIT_LOC_STRINGS = NO;
				SWIFT_VERSION = 5.0;
				TARGETED_DEVICE_FAMILY = "1,2";
				TEST_HOST = "$(BUILT_PRODUCTS_DIR)/TumblingTowersGame.app/$(BUNDLE_EXECUTABLE_FOLDER_PATH)/TumblingTowersGame";
			};
			name = Debug;
		};
		146E2DD929C0D07300BFC757 /* Release */ = {
			isa = XCBuildConfiguration;
			buildSettings = {
				ALWAYS_EMBED_SWIFT_STANDARD_LIBRARIES = YES;
				BUNDLE_LOADER = "$(TEST_HOST)";
				"CODE_SIGN_IDENTITY[sdk=macosx*]" = "Apple Development";
				CODE_SIGN_STYLE = Automatic;
				CURRENT_PROJECT_VERSION = 1;
				DEVELOPMENT_TEAM = T95PZMKKDH;
				GENERATE_INFOPLIST_FILE = YES;
				IPHONEOS_DEPLOYMENT_TARGET = 15.5;
				MARKETING_VERSION = 1.0;
				PRODUCT_BUNDLE_IDENTIFIER = com.taubar.TumblingTowersGameTests;
				PRODUCT_NAME = "$(TARGET_NAME)";
				SWIFT_EMIT_LOC_STRINGS = NO;
				SWIFT_VERSION = 5.0;
				TARGETED_DEVICE_FAMILY = "1,2";
				TEST_HOST = "$(BUILT_PRODUCTS_DIR)/TumblingTowersGame.app/$(BUNDLE_EXECUTABLE_FOLDER_PATH)/TumblingTowersGame";
			};
			name = Release;
		};
		146E2DDB29C0D07300BFC757 /* Debug */ = {
			isa = XCBuildConfiguration;
			buildSettings = {
				ALWAYS_EMBED_SWIFT_STANDARD_LIBRARIES = YES;
				CODE_SIGN_STYLE = Automatic;
				CURRENT_PROJECT_VERSION = 1;
				DEVELOPMENT_TEAM = T95PZMKKDH;
				GENERATE_INFOPLIST_FILE = YES;
				MARKETING_VERSION = 1.0;
				PRODUCT_BUNDLE_IDENTIFIER = com.taubar.TumblingTowersGameUITests;
				PRODUCT_NAME = "$(TARGET_NAME)";
				SWIFT_EMIT_LOC_STRINGS = NO;
				SWIFT_VERSION = 5.0;
				TARGETED_DEVICE_FAMILY = "1,2";
				TEST_TARGET_NAME = TumblingTowersGame;
			};
			name = Debug;
		};
		146E2DDC29C0D07300BFC757 /* Release */ = {
			isa = XCBuildConfiguration;
			buildSettings = {
				ALWAYS_EMBED_SWIFT_STANDARD_LIBRARIES = YES;
				CODE_SIGN_STYLE = Automatic;
				CURRENT_PROJECT_VERSION = 1;
				DEVELOPMENT_TEAM = T95PZMKKDH;
				GENERATE_INFOPLIST_FILE = YES;
				MARKETING_VERSION = 1.0;
				PRODUCT_BUNDLE_IDENTIFIER = com.taubar.TumblingTowersGameUITests;
				PRODUCT_NAME = "$(TARGET_NAME)";
				SWIFT_EMIT_LOC_STRINGS = NO;
				SWIFT_VERSION = 5.0;
				TARGETED_DEVICE_FAMILY = "1,2";
				TEST_TARGET_NAME = TumblingTowersGame;
			};
			name = Release;
		};
/* End XCBuildConfiguration section */

/* Begin XCConfigurationList section */
		146E2DAB29C0D07200BFC757 /* Build configuration list for PBXProject "TumblingTowersGame" */ = {
			isa = XCConfigurationList;
			buildConfigurations = (
				146E2DD229C0D07300BFC757 /* Debug */,
				146E2DD329C0D07300BFC757 /* Release */,
			);
			defaultConfigurationIsVisible = 0;
			defaultConfigurationName = Release;
		};
		146E2DD429C0D07300BFC757 /* Build configuration list for PBXNativeTarget "TumblingTowersGame" */ = {
			isa = XCConfigurationList;
			buildConfigurations = (
				146E2DD529C0D07300BFC757 /* Debug */,
				146E2DD629C0D07300BFC757 /* Release */,
			);
			defaultConfigurationIsVisible = 0;
			defaultConfigurationName = Release;
		};
		146E2DD729C0D07300BFC757 /* Build configuration list for PBXNativeTarget "TumblingTowersGameTests" */ = {
			isa = XCConfigurationList;
			buildConfigurations = (
				146E2DD829C0D07300BFC757 /* Debug */,
				146E2DD929C0D07300BFC757 /* Release */,
			);
			defaultConfigurationIsVisible = 0;
			defaultConfigurationName = Release;
		};
		146E2DDA29C0D07300BFC757 /* Build configuration list for PBXNativeTarget "TumblingTowersGameUITests" */ = {
			isa = XCConfigurationList;
			buildConfigurations = (
				146E2DDB29C0D07300BFC757 /* Debug */,
				146E2DDC29C0D07300BFC757 /* Release */,
			);
			defaultConfigurationIsVisible = 0;
			defaultConfigurationName = Release;
		};
/* End XCConfigurationList section */
	};
	rootObject = 146E2DA829C0D07200BFC757 /* Project object */;
}
